// !$*UTF8*$!
{
	archiveVersion = 1;
	classes = {
	};
	objectVersion = 60;
	objects = {

/* Begin PBXBuildFile section */
		32213C7B25283032009F42FD /* WidgetKit.framework in Frameworks */ = {isa = PBXBuildFile; fileRef = 32213C7A25283032009F42FD /* WidgetKit.framework */; };
		32213C7D25283032009F42FD /* SwiftUI.framework in Frameworks */ = {isa = PBXBuildFile; fileRef = 32213C7C25283032009F42FD /* SwiftUI.framework */; };
		32213C8025283032009F42FD /* KasaAppWidget.swift in Sources */ = {isa = PBXBuildFile; fileRef = 32213C7F25283032009F42FD /* KasaAppWidget.swift */; };
		32213C8225283032009F42FD /* Assets.xcassets in Resources */ = {isa = PBXBuildFile; fileRef = 32213C8125283032009F42FD /* Assets.xcassets */; };
		32213C8625283032009F42FD /* KasaAppWidgetExtension.appex in Embed Foundation Extensions */ = {isa = PBXBuildFile; fileRef = 32213C7925283032009F42FD /* KasaAppWidgetExtension.appex */; settings = {ATTRIBUTES = (RemoveHeadersOnCopy, ); }; };
		32821CEF2526DB50005E9623 /* AppDelegate.swift in Sources */ = {isa = PBXBuildFile; fileRef = 32821CEE2526DB50005E9623 /* AppDelegate.swift */; };
		32821CF12526DB50005E9623 /* SceneDelegate.swift in Sources */ = {isa = PBXBuildFile; fileRef = 32821CF02526DB50005E9623 /* SceneDelegate.swift */; };
		32821CF32526DB50005E9623 /* ContentView.swift in Sources */ = {isa = PBXBuildFile; fileRef = 32821CF22526DB50005E9623 /* ContentView.swift */; };
		32821CF52526DB50005E9623 /* Assets.xcassets in Resources */ = {isa = PBXBuildFile; fileRef = 32821CF42526DB50005E9623 /* Assets.xcassets */; };
		32821CF82526DB50005E9623 /* Preview Assets.xcassets in Resources */ = {isa = PBXBuildFile; fileRef = 32821CF72526DB50005E9623 /* Preview Assets.xcassets */; };
		32821CFB2526DB50005E9623 /* LaunchScreen.storyboard in Resources */ = {isa = PBXBuildFile; fileRef = 32821CF92526DB50005E9623 /* LaunchScreen.storyboard */; };
		32821D062526DB50005E9623 /* KasaAppTests.swift in Sources */ = {isa = PBXBuildFile; fileRef = 32821D052526DB50005E9623 /* KasaAppTests.swift */; };
		32821D112526DB50005E9623 /* KasaAppUITests.swift in Sources */ = {isa = PBXBuildFile; fileRef = 32821D102526DB50005E9623 /* KasaAppUITests.swift */; };
		32821D222526DB97005E9623 /* AppPackage in Frameworks */ = {isa = PBXBuildFile; productRef = 32821D212526DB97005E9623 /* AppPackage */; };
		328950E024821A3800EC3A49 /* Kasa.app in Embed Watch Content */ = {isa = PBXBuildFile; fileRef = 328950DF24821A3800EC3A49 /* Kasa.app */; settings = {ATTRIBUTES = (RemoveHeadersOnCopy, ); }; };
		328950E824821A3900EC3A49 /* Assets.xcassets in Resources */ = {isa = PBXBuildFile; fileRef = 328950E724821A3900EC3A49 /* Assets.xcassets */; };
		328950F424821A3900EC3A49 /* ContentView.swift in Sources */ = {isa = PBXBuildFile; fileRef = 328950F324821A3900EC3A49 /* ContentView.swift */; };
		328950F624821A3900EC3A49 /* KasaWatchApp.swift in Sources */ = {isa = PBXBuildFile; fileRef = 328950F524821A3900EC3A49 /* KasaWatchApp.swift */; };
		328950F824821A3900EC3A49 /* KasaWatchAppDelegate.swift in Sources */ = {isa = PBXBuildFile; fileRef = 328950F724821A3900EC3A49 /* KasaWatchAppDelegate.swift */; };
		328950FD24821A3A00EC3A49 /* Preview Assets.xcassets in Resources */ = {isa = PBXBuildFile; fileRef = 328950FC24821A3A00EC3A49 /* Preview Assets.xcassets */; };
		B34A03D528D568640012C6BB /* AppPackage in Frameworks */ = {isa = PBXBuildFile; productRef = B34EB0C328D1984B00FA99BD /* AppPackage */; };
		B358E4782A0313DA00B72F6D /* WidgetKit.framework in Frameworks */ = {isa = PBXBuildFile; fileRef = 32213C7A25283032009F42FD /* WidgetKit.framework */; };
		B358E4792A0313DA00B72F6D /* SwiftUI.framework in Frameworks */ = {isa = PBXBuildFile; fileRef = 32213C7C25283032009F42FD /* SwiftUI.framework */; };
		B358E47C2A0313DA00B72F6D /* KasaWatchWidgetExtension.swift in Sources */ = {isa = PBXBuildFile; fileRef = B358E47B2A0313DA00B72F6D /* KasaWatchWidgetExtension.swift */; };
		B358E47F2A0313DA00B72F6D /* Assets.xcassets in Resources */ = {isa = PBXBuildFile; fileRef = B358E47E2A0313DA00B72F6D /* Assets.xcassets */; };
		B358E4852A0313DA00B72F6D /* KasaWatchWidgetExtensionExtension.appex in Embed Foundation Extensions */ = {isa = PBXBuildFile; fileRef = B358E4772A0313DA00B72F6D /* KasaWatchWidgetExtensionExtension.appex */; settings = {ATTRIBUTES = (RemoveHeadersOnCopy, ); }; };
		B358E48B2A0318DB00B72F6D /* WidgetPackage in Frameworks */ = {isa = PBXBuildFile; productRef = B358E48A2A0318DB00B72F6D /* WidgetPackage */; };
		B35EF04F292D2CBF005C08D2 /* Intents.framework in Frameworks */ = {isa = PBXBuildFile; fileRef = B35EF04E292D2CBF005C08D2 /* Intents.framework */; };
		B35EF052292D2CBF005C08D2 /* IntentHandler.swift in Sources */ = {isa = PBXBuildFile; fileRef = B35EF051292D2CBF005C08D2 /* IntentHandler.swift */; };
		B35EF056292D2CBF005C08D2 /* KasaIntentsExtension.appex in Embed Foundation Extensions */ = {isa = PBXBuildFile; fileRef = B35EF04D292D2CBF005C08D2 /* KasaIntentsExtension.appex */; settings = {ATTRIBUTES = (RemoveHeadersOnCopy, ); }; };
		B35EF05C292D2E35005C08D2 /* WidgetPackage in Frameworks */ = {isa = PBXBuildFile; productRef = B35EF05B292D2E35005C08D2 /* WidgetPackage */; };
		B35EF05F292D31EA005C08D2 /* Intents.intentdefinition in Sources */ = {isa = PBXBuildFile; fileRef = B35EF05D292D31DE005C08D2 /* Intents.intentdefinition */; };
		B35EF060292D31ED005C08D2 /* Intents.intentdefinition in Sources */ = {isa = PBXBuildFile; fileRef = B35EF05D292D31DE005C08D2 /* Intents.intentdefinition */; settings = {ATTRIBUTES = (codegen, ); }; };
		B35EF061292D31F3005C08D2 /* Intents.intentdefinition in Sources */ = {isa = PBXBuildFile; fileRef = B35EF05D292D31DE005C08D2 /* Intents.intentdefinition */; settings = {ATTRIBUTES = (no_codegen, ); }; };
		B39BE5D928B7E76E001A4C18 /* WidgetPackage in Frameworks */ = {isa = PBXBuildFile; productRef = B39BE5D828B7E76E001A4C18 /* WidgetPackage */; };
		B3D4044029B83BCF00CA1E8C /* KasaAppMain.swift in Sources */ = {isa = PBXBuildFile; fileRef = B3D4043F29B83BCF00CA1E8C /* KasaAppMain.swift */; };
/* End PBXBuildFile section */

/* Begin PBXContainerItemProxy section */
		32213C8425283032009F42FD /* PBXContainerItemProxy */ = {
			isa = PBXContainerItemProxy;
			containerPortal = 328950D524821A3800EC3A49 /* Project object */;
			proxyType = 1;
			remoteGlobalIDString = 32213C7825283032009F42FD;
			remoteInfo = KasaAppWidgetExtension;
		};
		32821D022526DB50005E9623 /* PBXContainerItemProxy */ = {
			isa = PBXContainerItemProxy;
			containerPortal = 328950D524821A3800EC3A49 /* Project object */;
			proxyType = 1;
			remoteGlobalIDString = 32821CEB2526DB50005E9623;
			remoteInfo = KasaApp;
		};
		32821D0D2526DB50005E9623 /* PBXContainerItemProxy */ = {
			isa = PBXContainerItemProxy;
			containerPortal = 328950D524821A3800EC3A49 /* Project object */;
			proxyType = 1;
			remoteGlobalIDString = 32821CEB2526DB50005E9623;
			remoteInfo = KasaApp;
		};
		328950E124821A3800EC3A49 /* PBXContainerItemProxy */ = {
			isa = PBXContainerItemProxy;
			containerPortal = 328950D524821A3800EC3A49 /* Project object */;
			proxyType = 1;
			remoteGlobalIDString = 328950DE24821A3800EC3A49;
			remoteInfo = "Kasa WatchKit App";
		};
		B358E4832A0313DA00B72F6D /* PBXContainerItemProxy */ = {
			isa = PBXContainerItemProxy;
			containerPortal = 328950D524821A3800EC3A49 /* Project object */;
			proxyType = 1;
			remoteGlobalIDString = B358E4762A0313DA00B72F6D;
			remoteInfo = KasaWatchWidgetExtensionExtension;
		};
		B35EF054292D2CBF005C08D2 /* PBXContainerItemProxy */ = {
			isa = PBXContainerItemProxy;
			containerPortal = 328950D524821A3800EC3A49 /* Project object */;
			proxyType = 1;
			remoteGlobalIDString = B35EF04C292D2CBF005C08D2;
			remoteInfo = KasaIntentsExtension;
		};
/* End PBXContainerItemProxy section */

/* Begin PBXCopyFilesBuildPhase section */
		32213C8725283032009F42FD /* Embed Foundation Extensions */ = {
			isa = PBXCopyFilesBuildPhase;
			buildActionMask = 2147483647;
			dstPath = "";
			dstSubfolderSpec = 13;
			files = (
				B35EF056292D2CBF005C08D2 /* KasaIntentsExtension.appex in Embed Foundation Extensions */,
				32213C8625283032009F42FD /* KasaAppWidgetExtension.appex in Embed Foundation Extensions */,
			);
			name = "Embed Foundation Extensions";
			runOnlyForDeploymentPostprocessing = 0;
		};
		3289510824821A3A00EC3A49 /* Embed Watch Content */ = {
			isa = PBXCopyFilesBuildPhase;
			buildActionMask = 2147483647;
			dstPath = "$(CONTENTS_FOLDER_PATH)/Watch";
			dstSubfolderSpec = 16;
			files = (
				328950E024821A3800EC3A49 /* Kasa.app in Embed Watch Content */,
			);
			name = "Embed Watch Content";
			runOnlyForDeploymentPostprocessing = 0;
		};
		3289511D24821B8C00EC3A49 /* Embed Frameworks */ = {
			isa = PBXCopyFilesBuildPhase;
			buildActionMask = 2147483647;
			dstPath = "";
			dstSubfolderSpec = 10;
			files = (
			);
			name = "Embed Frameworks";
			runOnlyForDeploymentPostprocessing = 0;
		};
		B358E4862A0313DA00B72F6D /* Embed Foundation Extensions */ = {
			isa = PBXCopyFilesBuildPhase;
			buildActionMask = 2147483647;
			dstPath = "";
			dstSubfolderSpec = 13;
			files = (
				B358E4852A0313DA00B72F6D /* KasaWatchWidgetExtensionExtension.appex in Embed Foundation Extensions */,
			);
			name = "Embed Foundation Extensions";
			runOnlyForDeploymentPostprocessing = 0;
		};
/* End PBXCopyFilesBuildPhase section */

/* Begin PBXFileReference section */
		320B1DD22528F10600614090 /* Kasa.entitlements */ = {isa = PBXFileReference; lastKnownFileType = text.plist.entitlements; path = Kasa.entitlements; sourceTree = "<group>"; };
		32213C7925283032009F42FD /* KasaAppWidgetExtension.appex */ = {isa = PBXFileReference; explicitFileType = "wrapper.app-extension"; includeInIndex = 0; path = KasaAppWidgetExtension.appex; sourceTree = BUILT_PRODUCTS_DIR; };
		32213C7A25283032009F42FD /* WidgetKit.framework */ = {isa = PBXFileReference; lastKnownFileType = wrapper.framework; name = WidgetKit.framework; path = System/Library/Frameworks/WidgetKit.framework; sourceTree = SDKROOT; };
		32213C7C25283032009F42FD /* SwiftUI.framework */ = {isa = PBXFileReference; lastKnownFileType = wrapper.framework; name = SwiftUI.framework; path = System/Library/Frameworks/SwiftUI.framework; sourceTree = SDKROOT; };
		32213C7F25283032009F42FD /* KasaAppWidget.swift */ = {isa = PBXFileReference; lastKnownFileType = sourcecode.swift; path = KasaAppWidget.swift; sourceTree = "<group>"; };
		32213C8125283032009F42FD /* Assets.xcassets */ = {isa = PBXFileReference; lastKnownFileType = folder.assetcatalog; path = Assets.xcassets; sourceTree = "<group>"; };
		32213C8325283032009F42FD /* Info.plist */ = {isa = PBXFileReference; lastKnownFileType = text.plist.xml; path = Info.plist; sourceTree = "<group>"; };
		32821CEC2526DB50005E9623 /* KasaApp.app */ = {isa = PBXFileReference; explicitFileType = wrapper.application; includeInIndex = 0; path = KasaApp.app; sourceTree = BUILT_PRODUCTS_DIR; };
		32821CEE2526DB50005E9623 /* AppDelegate.swift */ = {isa = PBXFileReference; lastKnownFileType = sourcecode.swift; path = AppDelegate.swift; sourceTree = "<group>"; };
		32821CF02526DB50005E9623 /* SceneDelegate.swift */ = {isa = PBXFileReference; lastKnownFileType = sourcecode.swift; path = SceneDelegate.swift; sourceTree = "<group>"; };
		32821CF22526DB50005E9623 /* ContentView.swift */ = {isa = PBXFileReference; lastKnownFileType = sourcecode.swift; path = ContentView.swift; sourceTree = "<group>"; };
		32821CF42526DB50005E9623 /* Assets.xcassets */ = {isa = PBXFileReference; lastKnownFileType = folder.assetcatalog; path = Assets.xcassets; sourceTree = "<group>"; };
		32821CF72526DB50005E9623 /* Preview Assets.xcassets */ = {isa = PBXFileReference; lastKnownFileType = folder.assetcatalog; path = "Preview Assets.xcassets"; sourceTree = "<group>"; };
		32821CFA2526DB50005E9623 /* Base */ = {isa = PBXFileReference; lastKnownFileType = file.storyboard; name = Base; path = Base.lproj/LaunchScreen.storyboard; sourceTree = "<group>"; };
		32821CFC2526DB50005E9623 /* Info.plist */ = {isa = PBXFileReference; lastKnownFileType = text.plist.xml; path = Info.plist; sourceTree = "<group>"; };
		32821D012526DB50005E9623 /* KasaAppTests.xctest */ = {isa = PBXFileReference; explicitFileType = wrapper.cfbundle; includeInIndex = 0; path = KasaAppTests.xctest; sourceTree = BUILT_PRODUCTS_DIR; };
		32821D052526DB50005E9623 /* KasaAppTests.swift */ = {isa = PBXFileReference; lastKnownFileType = sourcecode.swift; path = KasaAppTests.swift; sourceTree = "<group>"; };
		32821D072526DB50005E9623 /* Info.plist */ = {isa = PBXFileReference; lastKnownFileType = text.plist.xml; path = Info.plist; sourceTree = "<group>"; };
		32821D0C2526DB50005E9623 /* KasaAppUITests.xctest */ = {isa = PBXFileReference; explicitFileType = wrapper.cfbundle; includeInIndex = 0; path = KasaAppUITests.xctest; sourceTree = BUILT_PRODUCTS_DIR; };
		32821D102526DB50005E9623 /* KasaAppUITests.swift */ = {isa = PBXFileReference; lastKnownFileType = sourcecode.swift; path = KasaAppUITests.swift; sourceTree = "<group>"; };
		32821D122526DB50005E9623 /* Info.plist */ = {isa = PBXFileReference; lastKnownFileType = text.plist.xml; path = Info.plist; sourceTree = "<group>"; };
		328950DB24821A3800EC3A49 /* Kasa.app */ = {isa = PBXFileReference; explicitFileType = wrapper.application; includeInIndex = 0; path = Kasa.app; sourceTree = BUILT_PRODUCTS_DIR; };
		328950DF24821A3800EC3A49 /* Kasa.app */ = {isa = PBXFileReference; explicitFileType = wrapper.application; includeInIndex = 0; path = Kasa.app; sourceTree = BUILT_PRODUCTS_DIR; };
		328950E724821A3900EC3A49 /* Assets.xcassets */ = {isa = PBXFileReference; lastKnownFileType = folder.assetcatalog; path = Assets.xcassets; sourceTree = "<group>"; };
		328950E924821A3900EC3A49 /* Info.plist */ = {isa = PBXFileReference; lastKnownFileType = text.plist.xml; path = Info.plist; sourceTree = "<group>"; };
		328950F324821A3900EC3A49 /* ContentView.swift */ = {isa = PBXFileReference; lastKnownFileType = sourcecode.swift; path = ContentView.swift; sourceTree = "<group>"; };
		328950F524821A3900EC3A49 /* KasaWatchApp.swift */ = {isa = PBXFileReference; lastKnownFileType = sourcecode.swift; path = KasaWatchApp.swift; sourceTree = "<group>"; };
		328950F724821A3900EC3A49 /* KasaWatchAppDelegate.swift */ = {isa = PBXFileReference; lastKnownFileType = sourcecode.swift; path = KasaWatchAppDelegate.swift; sourceTree = "<group>"; };
		328950FC24821A3A00EC3A49 /* Preview Assets.xcassets */ = {isa = PBXFileReference; lastKnownFileType = folder.assetcatalog; path = "Preview Assets.xcassets"; sourceTree = "<group>"; };
		32A8D00C2528EA9C003FD623 /* KasaApp.entitlements */ = {isa = PBXFileReference; lastKnownFileType = text.plist.entitlements; path = KasaApp.entitlements; sourceTree = "<group>"; };
		32A8D00D2528EACC003FD623 /* KasaAppWidgetExtension.entitlements */ = {isa = PBXFileReference; lastKnownFileType = text.plist.entitlements; path = KasaAppWidgetExtension.entitlements; sourceTree = "<group>"; };
		32CC942225CF14D8009E2176 /* WidgetFeature */ = {isa = PBXFileReference; lastKnownFileType = folder; path = WidgetFeature; sourceTree = "<group>"; };
		32D3F920251566C200A8446C /* UserFeature */ = {isa = PBXFileReference; lastKnownFileType = folder; path = UserFeature; sourceTree = "<group>"; };
		32D3F9232515679100A8446C /* KasaCore */ = {isa = PBXFileReference; lastKnownFileType = folder; path = KasaCore; sourceTree = "<group>"; };
		32D3F926251568BC00A8446C /* DeviceFeature */ = {isa = PBXFileReference; lastKnownFileType = folder; path = DeviceFeature; sourceTree = "<group>"; };
		32D3F93125156C1F00A8446C /* AppPackage */ = {isa = PBXFileReference; lastKnownFileType = folder; path = AppPackage; sourceTree = "<group>"; };
		B33FBE9228B7DA240074BF1C /* Routing */ = {isa = PBXFileReference; lastKnownFileType = wrapper; path = Routing; sourceTree = "<group>"; };
		B358E4772A0313DA00B72F6D /* KasaWatchWidgetExtensionExtension.appex */ = {isa = PBXFileReference; explicitFileType = "wrapper.app-extension"; includeInIndex = 0; path = KasaWatchWidgetExtensionExtension.appex; sourceTree = BUILT_PRODUCTS_DIR; };
		B358E47B2A0313DA00B72F6D /* KasaWatchWidgetExtension.swift */ = {isa = PBXFileReference; lastKnownFileType = sourcecode.swift; path = KasaWatchWidgetExtension.swift; sourceTree = "<group>"; };
		B358E47E2A0313DA00B72F6D /* Assets.xcassets */ = {isa = PBXFileReference; lastKnownFileType = folder.assetcatalog; path = Assets.xcassets; sourceTree = "<group>"; };
		B358E4802A0313DA00B72F6D /* Info.plist */ = {isa = PBXFileReference; lastKnownFileType = text.plist.xml; path = Info.plist; sourceTree = "<group>"; };
		B358E48C2A03359B00B72F6D /* KasaWatchWidgetExtensionExtension.entitlements */ = {isa = PBXFileReference; lastKnownFileType = text.plist.entitlements; path = KasaWatchWidgetExtensionExtension.entitlements; sourceTree = "<group>"; };
		B35EF048292D2A87005C08D2 /* Kasa-Info.plist */ = {isa = PBXFileReference; lastKnownFileType = text.plist; path = "Kasa-Info.plist"; sourceTree = "<group>"; };
		B35EF04D292D2CBF005C08D2 /* KasaIntentsExtension.appex */ = {isa = PBXFileReference; explicitFileType = "wrapper.app-extension"; includeInIndex = 0; path = KasaIntentsExtension.appex; sourceTree = BUILT_PRODUCTS_DIR; };
		B35EF04E292D2CBF005C08D2 /* Intents.framework */ = {isa = PBXFileReference; lastKnownFileType = wrapper.framework; name = Intents.framework; path = System/Library/Frameworks/Intents.framework; sourceTree = SDKROOT; };
		B35EF051292D2CBF005C08D2 /* IntentHandler.swift */ = {isa = PBXFileReference; lastKnownFileType = sourcecode.swift; path = IntentHandler.swift; sourceTree = "<group>"; };
		B35EF053292D2CBF005C08D2 /* Info.plist */ = {isa = PBXFileReference; lastKnownFileType = text.plist.xml; path = Info.plist; sourceTree = "<group>"; };
		B35EF05D292D31DE005C08D2 /* Intents.intentdefinition */ = {isa = PBXFileReference; lastKnownFileType = file.intentdefinition; path = Intents.intentdefinition; sourceTree = "<group>"; };
		B35EF062292D34A3005C08D2 /* KasaIntentsExtension.entitlements */ = {isa = PBXFileReference; lastKnownFileType = text.plist.entitlements; path = KasaIntentsExtension.entitlements; sourceTree = "<group>"; };
		B3A1D47C2AB1706000858529 /* mul */ = {isa = PBXFileReference; lastKnownFileType = text.json.xcstrings; name = mul; path = mul.lproj/LaunchScreen.xcstrings; sourceTree = "<group>"; };
		B3D4043F29B83BCF00CA1E8C /* KasaAppMain.swift */ = {isa = PBXFileReference; fileEncoding = 4; lastKnownFileType = sourcecode.swift; path = KasaAppMain.swift; sourceTree = "<group>"; };
/* End PBXFileReference section */

/* Begin PBXFrameworksBuildPhase section */
		32213C7625283032009F42FD /* Frameworks */ = {
			isa = PBXFrameworksBuildPhase;
			buildActionMask = 2147483647;
			files = (
				32213C7D25283032009F42FD /* SwiftUI.framework in Frameworks */,
				B39BE5D928B7E76E001A4C18 /* WidgetPackage in Frameworks */,
				32213C7B25283032009F42FD /* WidgetKit.framework in Frameworks */,
			);
			runOnlyForDeploymentPostprocessing = 0;
		};
		32821CE92526DB50005E9623 /* Frameworks */ = {
			isa = PBXFrameworksBuildPhase;
			buildActionMask = 2147483647;
			files = (
				32821D222526DB97005E9623 /* AppPackage in Frameworks */,
			);
			runOnlyForDeploymentPostprocessing = 0;
		};
		32821CFE2526DB50005E9623 /* Frameworks */ = {
			isa = PBXFrameworksBuildPhase;
			buildActionMask = 2147483647;
			files = (
			);
			runOnlyForDeploymentPostprocessing = 0;
		};
		32821D092526DB50005E9623 /* Frameworks */ = {
			isa = PBXFrameworksBuildPhase;
			buildActionMask = 2147483647;
			files = (
			);
			runOnlyForDeploymentPostprocessing = 0;
		};
		328950EB24821A3900EC3A49 /* Frameworks */ = {
			isa = PBXFrameworksBuildPhase;
			buildActionMask = 2147483647;
			files = (
				B34A03D528D568640012C6BB /* AppPackage in Frameworks */,
			);
			runOnlyForDeploymentPostprocessing = 0;
		};
		B358E4742A0313DA00B72F6D /* Frameworks */ = {
			isa = PBXFrameworksBuildPhase;
			buildActionMask = 2147483647;
			files = (
				B358E4792A0313DA00B72F6D /* SwiftUI.framework in Frameworks */,
				B358E48B2A0318DB00B72F6D /* WidgetPackage in Frameworks */,
				B358E4782A0313DA00B72F6D /* WidgetKit.framework in Frameworks */,
			);
			runOnlyForDeploymentPostprocessing = 0;
		};
		B35EF04A292D2CBF005C08D2 /* Frameworks */ = {
			isa = PBXFrameworksBuildPhase;
			buildActionMask = 2147483647;
			files = (
				B35EF04F292D2CBF005C08D2 /* Intents.framework in Frameworks */,
				B35EF05C292D2E35005C08D2 /* WidgetPackage in Frameworks */,
			);
			runOnlyForDeploymentPostprocessing = 0;
		};
/* End PBXFrameworksBuildPhase section */

/* Begin PBXGroup section */
		32213C7E25283032009F42FD /* KasaAppWidget */ = {
			isa = PBXGroup;
			children = (
				32213C7F25283032009F42FD /* KasaAppWidget.swift */,
				32213C8125283032009F42FD /* Assets.xcassets */,
				32213C8325283032009F42FD /* Info.plist */,
				B35EF05D292D31DE005C08D2 /* Intents.intentdefinition */,
			);
			path = KasaAppWidget;
			sourceTree = "<group>";
		};
		32821CED2526DB50005E9623 /* KasaApp */ = {
			isa = PBXGroup;
			children = (
				32A8D00C2528EA9C003FD623 /* KasaApp.entitlements */,
				B3D4043F29B83BCF00CA1E8C /* KasaAppMain.swift */,
				32821CEE2526DB50005E9623 /* AppDelegate.swift */,
				32821CF02526DB50005E9623 /* SceneDelegate.swift */,
				32821CF22526DB50005E9623 /* ContentView.swift */,
				32821CF42526DB50005E9623 /* Assets.xcassets */,
				32821CF92526DB50005E9623 /* LaunchScreen.storyboard */,
				32821CFC2526DB50005E9623 /* Info.plist */,
				32821CF62526DB50005E9623 /* Preview Content */,
			);
			path = KasaApp;
			sourceTree = "<group>";
		};
		32821CF62526DB50005E9623 /* Preview Content */ = {
			isa = PBXGroup;
			children = (
				32821CF72526DB50005E9623 /* Preview Assets.xcassets */,
			);
			path = "Preview Content";
			sourceTree = "<group>";
		};
		32821D042526DB50005E9623 /* KasaAppTests */ = {
			isa = PBXGroup;
			children = (
				32821D052526DB50005E9623 /* KasaAppTests.swift */,
				32821D072526DB50005E9623 /* Info.plist */,
			);
			path = KasaAppTests;
			sourceTree = "<group>";
		};
		32821D0F2526DB50005E9623 /* KasaAppUITests */ = {
			isa = PBXGroup;
			children = (
				32821D102526DB50005E9623 /* KasaAppUITests.swift */,
				32821D122526DB50005E9623 /* Info.plist */,
			);
			path = KasaAppUITests;
			sourceTree = "<group>";
		};
		328950D424821A3800EC3A49 = {
			isa = PBXGroup;
			children = (
				B358E48C2A03359B00B72F6D /* KasaWatchWidgetExtensionExtension.entitlements */,
				B35EF048292D2A87005C08D2 /* Kasa-Info.plist */,
				32A8D00D2528EACC003FD623 /* KasaAppWidgetExtension.entitlements */,
				32D3F93125156C1F00A8446C /* AppPackage */,
				B33FBE9228B7DA240074BF1C /* Routing */,
				32D3F9232515679100A8446C /* KasaCore */,
				32D3F926251568BC00A8446C /* DeviceFeature */,
				32D3F920251566C200A8446C /* UserFeature */,
				32CC942225CF14D8009E2176 /* WidgetFeature */,
				328950E324821A3800EC3A49 /* Kasa WatchKit App */,
				32821CED2526DB50005E9623 /* KasaApp */,
				32821D042526DB50005E9623 /* KasaAppTests */,
				32821D0F2526DB50005E9623 /* KasaAppUITests */,
				32213C7E25283032009F42FD /* KasaAppWidget */,
				B35EF050292D2CBF005C08D2 /* KasaIntentsExtension */,
				B358E47A2A0313DA00B72F6D /* KasaWatchWidgetExtension */,
				328950DC24821A3800EC3A49 /* Products */,
				32EE973C248368AC00C2E7E5 /* Frameworks */,
			);
			sourceTree = "<group>";
		};
		328950DC24821A3800EC3A49 /* Products */ = {
			isa = PBXGroup;
			children = (
				328950DB24821A3800EC3A49 /* Kasa.app */,
				328950DF24821A3800EC3A49 /* Kasa.app */,
				32821CEC2526DB50005E9623 /* KasaApp.app */,
				32821D012526DB50005E9623 /* KasaAppTests.xctest */,
				32821D0C2526DB50005E9623 /* KasaAppUITests.xctest */,
				32213C7925283032009F42FD /* KasaAppWidgetExtension.appex */,
				B35EF04D292D2CBF005C08D2 /* KasaIntentsExtension.appex */,
				B358E4772A0313DA00B72F6D /* KasaWatchWidgetExtensionExtension.appex */,
			);
			name = Products;
			sourceTree = "<group>";
		};
		328950E324821A3800EC3A49 /* Kasa WatchKit App */ = {
			isa = PBXGroup;
			children = (
				320B1DD22528F10600614090 /* Kasa.entitlements */,
				328950E724821A3900EC3A49 /* Assets.xcassets */,
				328950E924821A3900EC3A49 /* Info.plist */,
				328950F524821A3900EC3A49 /* KasaWatchApp.swift */,
				328950F724821A3900EC3A49 /* KasaWatchAppDelegate.swift */,
				328950F324821A3900EC3A49 /* ContentView.swift */,
				328950FB24821A3A00EC3A49 /* Preview Content */,
			);
			path = "Kasa WatchKit App";
			sourceTree = "<group>";
		};
		328950FB24821A3A00EC3A49 /* Preview Content */ = {
			isa = PBXGroup;
			children = (
				328950FC24821A3A00EC3A49 /* Preview Assets.xcassets */,
			);
			path = "Preview Content";
			sourceTree = "<group>";
		};
		32EE973C248368AC00C2E7E5 /* Frameworks */ = {
			isa = PBXGroup;
			children = (
				32213C7A25283032009F42FD /* WidgetKit.framework */,
				32213C7C25283032009F42FD /* SwiftUI.framework */,
				B35EF04E292D2CBF005C08D2 /* Intents.framework */,
			);
			name = Frameworks;
			sourceTree = "<group>";
		};
		B358E47A2A0313DA00B72F6D /* KasaWatchWidgetExtension */ = {
			isa = PBXGroup;
			children = (
				B358E47B2A0313DA00B72F6D /* KasaWatchWidgetExtension.swift */,
				B358E47E2A0313DA00B72F6D /* Assets.xcassets */,
				B358E4802A0313DA00B72F6D /* Info.plist */,
			);
			path = KasaWatchWidgetExtension;
			sourceTree = "<group>";
		};
		B35EF050292D2CBF005C08D2 /* KasaIntentsExtension */ = {
			isa = PBXGroup;
			children = (
				B35EF062292D34A3005C08D2 /* KasaIntentsExtension.entitlements */,
				B35EF051292D2CBF005C08D2 /* IntentHandler.swift */,
				B35EF053292D2CBF005C08D2 /* Info.plist */,
			);
			path = KasaIntentsExtension;
			sourceTree = "<group>";
		};
/* End PBXGroup section */

/* Begin PBXNativeTarget section */
		32213C7825283032009F42FD /* KasaAppWidgetExtension */ = {
			isa = PBXNativeTarget;
			buildConfigurationList = 32213C8A25283032009F42FD /* Build configuration list for PBXNativeTarget "KasaAppWidgetExtension" */;
			buildPhases = (
				32213C7525283032009F42FD /* Sources */,
				32213C7625283032009F42FD /* Frameworks */,
				32213C7725283032009F42FD /* Resources */,
			);
			buildRules = (
			);
			dependencies = (
			);
			name = KasaAppWidgetExtension;
			packageProductDependencies = (
				B39BE5D828B7E76E001A4C18 /* WidgetPackage */,
			);
			productName = KasaAppWidgetExtension;
			productReference = 32213C7925283032009F42FD /* KasaAppWidgetExtension.appex */;
			productType = "com.apple.product-type.app-extension";
		};
		32821CEB2526DB50005E9623 /* KasaApp */ = {
			isa = PBXNativeTarget;
			buildConfigurationList = 32821D192526DB50005E9623 /* Build configuration list for PBXNativeTarget "KasaApp" */;
			buildPhases = (
				32821CE82526DB50005E9623 /* Sources */,
				32821CE92526DB50005E9623 /* Frameworks */,
				32821CEA2526DB50005E9623 /* Resources */,
				32213C8725283032009F42FD /* Embed Foundation Extensions */,
			);
			buildRules = (
			);
			dependencies = (
				32213C8525283032009F42FD /* PBXTargetDependency */,
				B35EF055292D2CBF005C08D2 /* PBXTargetDependency */,
			);
			name = KasaApp;
			packageProductDependencies = (
				32821D212526DB97005E9623 /* AppPackage */,
			);
			productName = KasaApp;
			productReference = 32821CEC2526DB50005E9623 /* KasaApp.app */;
			productType = "com.apple.product-type.application";
		};
		32821D002526DB50005E9623 /* KasaAppTests */ = {
			isa = PBXNativeTarget;
			buildConfigurationList = 32821D1A2526DB50005E9623 /* Build configuration list for PBXNativeTarget "KasaAppTests" */;
			buildPhases = (
				32821CFD2526DB50005E9623 /* Sources */,
				32821CFE2526DB50005E9623 /* Frameworks */,
				32821CFF2526DB50005E9623 /* Resources */,
			);
			buildRules = (
			);
			dependencies = (
				32821D032526DB50005E9623 /* PBXTargetDependency */,
			);
			name = KasaAppTests;
			productName = KasaAppTests;
			productReference = 32821D012526DB50005E9623 /* KasaAppTests.xctest */;
			productType = "com.apple.product-type.bundle.unit-test";
		};
		32821D0B2526DB50005E9623 /* KasaAppUITests */ = {
			isa = PBXNativeTarget;
			buildConfigurationList = 32821D1B2526DB50005E9623 /* Build configuration list for PBXNativeTarget "KasaAppUITests" */;
			buildPhases = (
				32821D082526DB50005E9623 /* Sources */,
				32821D092526DB50005E9623 /* Frameworks */,
				32821D0A2526DB50005E9623 /* Resources */,
			);
			buildRules = (
			);
			dependencies = (
				32821D0E2526DB50005E9623 /* PBXTargetDependency */,
			);
			name = KasaAppUITests;
			productName = KasaAppUITests;
			productReference = 32821D0C2526DB50005E9623 /* KasaAppUITests.xctest */;
			productType = "com.apple.product-type.bundle.ui-testing";
		};
		328950DA24821A3800EC3A49 /* Kasa */ = {
			isa = PBXNativeTarget;
			buildConfigurationList = 3289510924821A3A00EC3A49 /* Build configuration list for PBXNativeTarget "Kasa" */;
			buildPhases = (
				328950D924821A3800EC3A49 /* Resources */,
				3289510824821A3A00EC3A49 /* Embed Watch Content */,
			);
			buildRules = (
			);
			dependencies = (
				328950E224821A3800EC3A49 /* PBXTargetDependency */,
			);
			name = Kasa;
			productName = Kasa;
			productReference = 328950DB24821A3800EC3A49 /* Kasa.app */;
			productType = "com.apple.product-type.application.watchapp2-container";
		};
		328950DE24821A3800EC3A49 /* Kasa WatchKit App */ = {
			isa = PBXNativeTarget;
			buildConfigurationList = 3289510524821A3A00EC3A49 /* Build configuration list for PBXNativeTarget "Kasa WatchKit App" */;
			buildPhases = (
				328950DD24821A3800EC3A49 /* Resources */,
				328950EA24821A3900EC3A49 /* Sources */,
				328950EB24821A3900EC3A49 /* Frameworks */,
				3289511D24821B8C00EC3A49 /* Embed Frameworks */,
				B358E4862A0313DA00B72F6D /* Embed Foundation Extensions */,
			);
			buildRules = (
			);
			dependencies = (
				B358E4842A0313DA00B72F6D /* PBXTargetDependency */,
			);
			name = "Kasa WatchKit App";
			packageProductDependencies = (
				B34EB0C328D1984B00FA99BD /* AppPackage */,
			);
			productName = "Kasa WatchKit App";
			productReference = 328950DF24821A3800EC3A49 /* Kasa.app */;
			productType = "com.apple.product-type.application";
		};
		B358E4762A0313DA00B72F6D /* KasaWatchWidgetExtensionExtension */ = {
			isa = PBXNativeTarget;
			buildConfigurationList = B358E4892A0313DA00B72F6D /* Build configuration list for PBXNativeTarget "KasaWatchWidgetExtensionExtension" */;
			buildPhases = (
				B358E4732A0313DA00B72F6D /* Sources */,
				B358E4742A0313DA00B72F6D /* Frameworks */,
				B358E4752A0313DA00B72F6D /* Resources */,
			);
			buildRules = (
			);
			dependencies = (
			);
			name = KasaWatchWidgetExtensionExtension;
			packageProductDependencies = (
				B358E48A2A0318DB00B72F6D /* WidgetPackage */,
			);
			productName = KasaWatchWidgetExtensionExtension;
			productReference = B358E4772A0313DA00B72F6D /* KasaWatchWidgetExtensionExtension.appex */;
			productType = "com.apple.product-type.app-extension";
		};
		B35EF04C292D2CBF005C08D2 /* KasaIntentsExtension */ = {
			isa = PBXNativeTarget;
			buildConfigurationList = B35EF057292D2CBF005C08D2 /* Build configuration list for PBXNativeTarget "KasaIntentsExtension" */;
			buildPhases = (
				B35EF049292D2CBF005C08D2 /* Sources */,
				B35EF04A292D2CBF005C08D2 /* Frameworks */,
				B35EF04B292D2CBF005C08D2 /* Resources */,
			);
			buildRules = (
			);
			dependencies = (
			);
			name = KasaIntentsExtension;
			packageProductDependencies = (
				B35EF05B292D2E35005C08D2 /* WidgetPackage */,
			);
			productName = KasaIntentsExtension;
			productReference = B35EF04D292D2CBF005C08D2 /* KasaIntentsExtension.appex */;
			productType = "com.apple.product-type.app-extension";
		};
/* End PBXNativeTarget section */

/* Begin PBXProject section */
		328950D524821A3800EC3A49 /* Project object */ = {
			isa = PBXProject;
			attributes = {
				BuildIndependentTargetsInParallel = YES;
				LastSwiftUpdateCheck = 1430;
				LastUpgradeCheck = 1500;
				ORGANIZATIONNAME = Simon;
				TargetAttributes = {
					32213C7825283032009F42FD = {
						CreatedOnToolsVersion = 12.0;
					};
					32821CEB2526DB50005E9623 = {
						CreatedOnToolsVersion = 12.0;
					};
					32821D002526DB50005E9623 = {
						CreatedOnToolsVersion = 12.0;
						TestTargetID = 32821CEB2526DB50005E9623;
					};
					32821D0B2526DB50005E9623 = {
						CreatedOnToolsVersion = 12.0;
						TestTargetID = 32821CEB2526DB50005E9623;
					};
					328950DA24821A3800EC3A49 = {
						CreatedOnToolsVersion = 11.4.1;
					};
					328950DE24821A3800EC3A49 = {
						CreatedOnToolsVersion = 11.4.1;
					};
					B358E4762A0313DA00B72F6D = {
						CreatedOnToolsVersion = 14.3;
					};
					B35EF04C292D2CBF005C08D2 = {
						CreatedOnToolsVersion = 14.1;
					};
				};
			};
			buildConfigurationList = 328950D824821A3800EC3A49 /* Build configuration list for PBXProject "Kasa" */;
			compatibilityVersion = "Xcode 9.3";
			developmentRegion = en;
			hasScannedForEncodings = 0;
			knownRegions = (
				en,
				Base,
				fr,
			);
			mainGroup = 328950D424821A3800EC3A49;
			packageReferences = (
			);
			productRefGroup = 328950DC24821A3800EC3A49 /* Products */;
			projectDirPath = "";
			projectRoot = "";
			targets = (
				328950DA24821A3800EC3A49 /* Kasa */,
				328950DE24821A3800EC3A49 /* Kasa WatchKit App */,
				32821CEB2526DB50005E9623 /* KasaApp */,
				32821D002526DB50005E9623 /* KasaAppTests */,
				32821D0B2526DB50005E9623 /* KasaAppUITests */,
				32213C7825283032009F42FD /* KasaAppWidgetExtension */,
				B35EF04C292D2CBF005C08D2 /* KasaIntentsExtension */,
				B358E4762A0313DA00B72F6D /* KasaWatchWidgetExtensionExtension */,
			);
		};
/* End PBXProject section */

/* Begin PBXResourcesBuildPhase section */
		32213C7725283032009F42FD /* Resources */ = {
			isa = PBXResourcesBuildPhase;
			buildActionMask = 2147483647;
			files = (
				32213C8225283032009F42FD /* Assets.xcassets in Resources */,
			);
			runOnlyForDeploymentPostprocessing = 0;
		};
		32821CEA2526DB50005E9623 /* Resources */ = {
			isa = PBXResourcesBuildPhase;
			buildActionMask = 2147483647;
			files = (
				32821CFB2526DB50005E9623 /* LaunchScreen.storyboard in Resources */,
				32821CF82526DB50005E9623 /* Preview Assets.xcassets in Resources */,
				32821CF52526DB50005E9623 /* Assets.xcassets in Resources */,
			);
			runOnlyForDeploymentPostprocessing = 0;
		};
		32821CFF2526DB50005E9623 /* Resources */ = {
			isa = PBXResourcesBuildPhase;
			buildActionMask = 2147483647;
			files = (
			);
			runOnlyForDeploymentPostprocessing = 0;
		};
		32821D0A2526DB50005E9623 /* Resources */ = {
			isa = PBXResourcesBuildPhase;
			buildActionMask = 2147483647;
			files = (
			);
			runOnlyForDeploymentPostprocessing = 0;
		};
		328950D924821A3800EC3A49 /* Resources */ = {
			isa = PBXResourcesBuildPhase;
			buildActionMask = 2147483647;
			files = (
			);
			runOnlyForDeploymentPostprocessing = 0;
		};
		328950DD24821A3800EC3A49 /* Resources */ = {
			isa = PBXResourcesBuildPhase;
			buildActionMask = 2147483647;
			files = (
				328950E824821A3900EC3A49 /* Assets.xcassets in Resources */,
				328950FD24821A3A00EC3A49 /* Preview Assets.xcassets in Resources */,
			);
			runOnlyForDeploymentPostprocessing = 0;
		};
		B358E4752A0313DA00B72F6D /* Resources */ = {
			isa = PBXResourcesBuildPhase;
			buildActionMask = 2147483647;
			files = (
				B358E47F2A0313DA00B72F6D /* Assets.xcassets in Resources */,
			);
			runOnlyForDeploymentPostprocessing = 0;
		};
		B35EF04B292D2CBF005C08D2 /* Resources */ = {
			isa = PBXResourcesBuildPhase;
			buildActionMask = 2147483647;
			files = (
			);
			runOnlyForDeploymentPostprocessing = 0;
		};
/* End PBXResourcesBuildPhase section */

/* Begin PBXSourcesBuildPhase section */
		32213C7525283032009F42FD /* Sources */ = {
			isa = PBXSourcesBuildPhase;
			buildActionMask = 2147483647;
			files = (
				B35EF060292D31ED005C08D2 /* Intents.intentdefinition in Sources */,
				32213C8025283032009F42FD /* KasaAppWidget.swift in Sources */,
			);
			runOnlyForDeploymentPostprocessing = 0;
		};
		32821CE82526DB50005E9623 /* Sources */ = {
			isa = PBXSourcesBuildPhase;
			buildActionMask = 2147483647;
			files = (
				B3D4044029B83BCF00CA1E8C /* KasaAppMain.swift in Sources */,
				32821CEF2526DB50005E9623 /* AppDelegate.swift in Sources */,
				32821CF12526DB50005E9623 /* SceneDelegate.swift in Sources */,
				B35EF061292D31F3005C08D2 /* Intents.intentdefinition in Sources */,
				32821CF32526DB50005E9623 /* ContentView.swift in Sources */,
			);
			runOnlyForDeploymentPostprocessing = 0;
		};
		32821CFD2526DB50005E9623 /* Sources */ = {
			isa = PBXSourcesBuildPhase;
			buildActionMask = 2147483647;
			files = (
				32821D062526DB50005E9623 /* KasaAppTests.swift in Sources */,
			);
			runOnlyForDeploymentPostprocessing = 0;
		};
		32821D082526DB50005E9623 /* Sources */ = {
			isa = PBXSourcesBuildPhase;
			buildActionMask = 2147483647;
			files = (
				32821D112526DB50005E9623 /* KasaAppUITests.swift in Sources */,
			);
			runOnlyForDeploymentPostprocessing = 0;
		};
		328950EA24821A3900EC3A49 /* Sources */ = {
			isa = PBXSourcesBuildPhase;
			buildActionMask = 2147483647;
			files = (
				328950F624821A3900EC3A49 /* KasaWatchApp.swift in Sources */,
				328950F424821A3900EC3A49 /* ContentView.swift in Sources */,
				328950F824821A3900EC3A49 /* KasaWatchAppDelegate.swift in Sources */,
			);
			runOnlyForDeploymentPostprocessing = 0;
		};
		B358E4732A0313DA00B72F6D /* Sources */ = {
			isa = PBXSourcesBuildPhase;
			buildActionMask = 2147483647;
			files = (
				B358E47C2A0313DA00B72F6D /* KasaWatchWidgetExtension.swift in Sources */,
			);
			runOnlyForDeploymentPostprocessing = 0;
		};
		B35EF049292D2CBF005C08D2 /* Sources */ = {
			isa = PBXSourcesBuildPhase;
			buildActionMask = 2147483647;
			files = (
				B35EF05F292D31EA005C08D2 /* Intents.intentdefinition in Sources */,
				B35EF052292D2CBF005C08D2 /* IntentHandler.swift in Sources */,
			);
			runOnlyForDeploymentPostprocessing = 0;
		};
/* End PBXSourcesBuildPhase section */

/* Begin PBXTargetDependency section */
		32213C8525283032009F42FD /* PBXTargetDependency */ = {
			isa = PBXTargetDependency;
			target = 32213C7825283032009F42FD /* KasaAppWidgetExtension */;
			targetProxy = 32213C8425283032009F42FD /* PBXContainerItemProxy */;
		};
		32821D032526DB50005E9623 /* PBXTargetDependency */ = {
			isa = PBXTargetDependency;
			target = 32821CEB2526DB50005E9623 /* KasaApp */;
			targetProxy = 32821D022526DB50005E9623 /* PBXContainerItemProxy */;
		};
		32821D0E2526DB50005E9623 /* PBXTargetDependency */ = {
			isa = PBXTargetDependency;
			target = 32821CEB2526DB50005E9623 /* KasaApp */;
			targetProxy = 32821D0D2526DB50005E9623 /* PBXContainerItemProxy */;
		};
		328950E224821A3800EC3A49 /* PBXTargetDependency */ = {
			isa = PBXTargetDependency;
			target = 328950DE24821A3800EC3A49 /* Kasa WatchKit App */;
			targetProxy = 328950E124821A3800EC3A49 /* PBXContainerItemProxy */;
		};
		B358E4842A0313DA00B72F6D /* PBXTargetDependency */ = {
			isa = PBXTargetDependency;
			target = B358E4762A0313DA00B72F6D /* KasaWatchWidgetExtensionExtension */;
			targetProxy = B358E4832A0313DA00B72F6D /* PBXContainerItemProxy */;
		};
		B35EF055292D2CBF005C08D2 /* PBXTargetDependency */ = {
			isa = PBXTargetDependency;
			target = B35EF04C292D2CBF005C08D2 /* KasaIntentsExtension */;
			targetProxy = B35EF054292D2CBF005C08D2 /* PBXContainerItemProxy */;
		};
/* End PBXTargetDependency section */

/* Begin PBXVariantGroup section */
		32821CF92526DB50005E9623 /* LaunchScreen.storyboard */ = {
			isa = PBXVariantGroup;
			children = (
				32821CFA2526DB50005E9623 /* Base */,
				B3A1D47C2AB1706000858529 /* mul */,
			);
			name = LaunchScreen.storyboard;
			sourceTree = "<group>";
		};
/* End PBXVariantGroup section */

/* Begin XCBuildConfiguration section */
		32213C8825283032009F42FD /* Debug */ = {
			isa = XCBuildConfiguration;
			buildSettings = {
				ASSETCATALOG_COMPILER_GLOBAL_ACCENT_COLOR_NAME = AccentColor;
				ASSETCATALOG_COMPILER_WIDGET_BACKGROUND_COLOR_NAME = WidgetBackground;
				CODE_SIGN_ENTITLEMENTS = KasaAppWidgetExtension.entitlements;
				CODE_SIGN_STYLE = Automatic;
				DEVELOPMENT_TEAM = K7R4MCZ9EX;
				INFOPLIST_FILE = KasaAppWidget/Info.plist;
				IPHONEOS_DEPLOYMENT_TARGET = 17.0;
				LD_RUNPATH_SEARCH_PATHS = (
					"$(inherited)",
					"@executable_path/Frameworks",
					"@executable_path/../../Frameworks",
				);
				PRODUCT_BUNDLE_IDENTIFIER = com.kasa.KasaApp.KasaApp.KasaAppWidget;
				PRODUCT_NAME = "$(TARGET_NAME)";
				SKIP_INSTALL = YES;
				SWIFT_VERSION = 5.0;
				TARGETED_DEVICE_FAMILY = "1,2";
			};
			name = Debug;
		};
		32213C8925283032009F42FD /* Release */ = {
			isa = XCBuildConfiguration;
			buildSettings = {
				ASSETCATALOG_COMPILER_GLOBAL_ACCENT_COLOR_NAME = AccentColor;
				ASSETCATALOG_COMPILER_WIDGET_BACKGROUND_COLOR_NAME = WidgetBackground;
				CODE_SIGN_ENTITLEMENTS = KasaAppWidgetExtension.entitlements;
				CODE_SIGN_STYLE = Automatic;
				DEVELOPMENT_TEAM = K7R4MCZ9EX;
				INFOPLIST_FILE = KasaAppWidget/Info.plist;
				IPHONEOS_DEPLOYMENT_TARGET = 17.0;
				LD_RUNPATH_SEARCH_PATHS = (
					"$(inherited)",
					"@executable_path/Frameworks",
					"@executable_path/../../Frameworks",
				);
				PRODUCT_BUNDLE_IDENTIFIER = com.kasa.KasaApp.KasaApp.KasaAppWidget;
				PRODUCT_NAME = "$(TARGET_NAME)";
				SKIP_INSTALL = YES;
				SWIFT_VERSION = 5.0;
				TARGETED_DEVICE_FAMILY = "1,2";
			};
			name = Release;
		};
		32821D132526DB50005E9623 /* Debug */ = {
			isa = XCBuildConfiguration;
			buildSettings = {
				ALWAYS_EMBED_SWIFT_STANDARD_LIBRARIES = YES;
				ASSETCATALOG_COMPILER_APPICON_NAME = AppIcon;
				ASSETCATALOG_COMPILER_GLOBAL_ACCENT_COLOR_NAME = AccentColor;
				CODE_SIGN_ENTITLEMENTS = KasaApp/KasaApp.entitlements;
				CODE_SIGN_STYLE = Automatic;
				DEVELOPMENT_ASSET_PATHS = "\"KasaApp/Preview Content\"";
				DEVELOPMENT_TEAM = K7R4MCZ9EX;
				ENABLE_PREVIEWS = YES;
				INFOPLIST_FILE = KasaApp/Info.plist;
				IPHONEOS_DEPLOYMENT_TARGET = 17.0;
				LD_RUNPATH_SEARCH_PATHS = (
					"$(inherited)",
					"@executable_path/Frameworks",
				);
				PRODUCT_BUNDLE_IDENTIFIER = com.kasa.KasaApp.KasaApp;
				PRODUCT_NAME = "$(TARGET_NAME)";
				SWIFT_EMIT_LOC_STRINGS = YES;
				SWIFT_VERSION = 5.0;
				TARGETED_DEVICE_FAMILY = "1,2";
			};
			name = Debug;
		};
		32821D142526DB50005E9623 /* Release */ = {
			isa = XCBuildConfiguration;
			buildSettings = {
				ALWAYS_EMBED_SWIFT_STANDARD_LIBRARIES = YES;
				ASSETCATALOG_COMPILER_APPICON_NAME = AppIcon;
				ASSETCATALOG_COMPILER_GLOBAL_ACCENT_COLOR_NAME = AccentColor;
				CODE_SIGN_ENTITLEMENTS = KasaApp/KasaApp.entitlements;
				CODE_SIGN_STYLE = Automatic;
				DEVELOPMENT_ASSET_PATHS = "\"KasaApp/Preview Content\"";
				DEVELOPMENT_TEAM = K7R4MCZ9EX;
				ENABLE_PREVIEWS = YES;
				INFOPLIST_FILE = KasaApp/Info.plist;
				IPHONEOS_DEPLOYMENT_TARGET = 17.0;
				LD_RUNPATH_SEARCH_PATHS = (
					"$(inherited)",
					"@executable_path/Frameworks",
				);
				PRODUCT_BUNDLE_IDENTIFIER = com.kasa.KasaApp.KasaApp;
				PRODUCT_NAME = "$(TARGET_NAME)";
				SWIFT_EMIT_LOC_STRINGS = YES;
				SWIFT_VERSION = 5.0;
				TARGETED_DEVICE_FAMILY = "1,2";
			};
			name = Release;
		};
		32821D152526DB50005E9623 /* Debug */ = {
			isa = XCBuildConfiguration;
			buildSettings = {
				ALWAYS_EMBED_SWIFT_STANDARD_LIBRARIES = YES;
				BUNDLE_LOADER = "$(TEST_HOST)";
				CODE_SIGN_STYLE = Automatic;
				DEVELOPMENT_TEAM = K7R4MCZ9EX;
				INFOPLIST_FILE = KasaAppTests/Info.plist;
				IPHONEOS_DEPLOYMENT_TARGET = 17.0;
				LD_RUNPATH_SEARCH_PATHS = (
					"$(inherited)",
					"@executable_path/Frameworks",
					"@loader_path/Frameworks",
				);
				PRODUCT_BUNDLE_IDENTIFIER = com.kasa.KasaApp.KasaAppTests;
				PRODUCT_NAME = "$(TARGET_NAME)";
				SWIFT_VERSION = 5.0;
				TARGETED_DEVICE_FAMILY = "1,2";
				TEST_HOST = "$(BUILT_PRODUCTS_DIR)/KasaApp.app/KasaApp";
			};
			name = Debug;
		};
		32821D162526DB50005E9623 /* Release */ = {
			isa = XCBuildConfiguration;
			buildSettings = {
				ALWAYS_EMBED_SWIFT_STANDARD_LIBRARIES = YES;
				BUNDLE_LOADER = "$(TEST_HOST)";
				CODE_SIGN_STYLE = Automatic;
				DEVELOPMENT_TEAM = K7R4MCZ9EX;
				INFOPLIST_FILE = KasaAppTests/Info.plist;
				IPHONEOS_DEPLOYMENT_TARGET = 17.0;
				LD_RUNPATH_SEARCH_PATHS = (
					"$(inherited)",
					"@executable_path/Frameworks",
					"@loader_path/Frameworks",
				);
				PRODUCT_BUNDLE_IDENTIFIER = com.kasa.KasaApp.KasaAppTests;
				PRODUCT_NAME = "$(TARGET_NAME)";
				SWIFT_VERSION = 5.0;
				TARGETED_DEVICE_FAMILY = "1,2";
				TEST_HOST = "$(BUILT_PRODUCTS_DIR)/KasaApp.app/KasaApp";
			};
			name = Release;
		};
		32821D172526DB50005E9623 /* Debug */ = {
			isa = XCBuildConfiguration;
			buildSettings = {
				ALWAYS_EMBED_SWIFT_STANDARD_LIBRARIES = YES;
				CODE_SIGN_STYLE = Automatic;
				DEVELOPMENT_TEAM = K7R4MCZ9EX;
				INFOPLIST_FILE = KasaAppUITests/Info.plist;
				IPHONEOS_DEPLOYMENT_TARGET = 17.0;
				LD_RUNPATH_SEARCH_PATHS = (
					"$(inherited)",
					"@executable_path/Frameworks",
					"@loader_path/Frameworks",
				);
				PRODUCT_BUNDLE_IDENTIFIER = com.kasa.KasaApp.KasaAppUITests;
				PRODUCT_NAME = "$(TARGET_NAME)";
				SWIFT_VERSION = 5.0;
				TARGETED_DEVICE_FAMILY = "1,2";
				TEST_TARGET_NAME = KasaApp;
			};
			name = Debug;
		};
		32821D182526DB50005E9623 /* Release */ = {
			isa = XCBuildConfiguration;
			buildSettings = {
				ALWAYS_EMBED_SWIFT_STANDARD_LIBRARIES = YES;
				CODE_SIGN_STYLE = Automatic;
				DEVELOPMENT_TEAM = K7R4MCZ9EX;
				INFOPLIST_FILE = KasaAppUITests/Info.plist;
				IPHONEOS_DEPLOYMENT_TARGET = 17.0;
				LD_RUNPATH_SEARCH_PATHS = (
					"$(inherited)",
					"@executable_path/Frameworks",
					"@loader_path/Frameworks",
				);
				PRODUCT_BUNDLE_IDENTIFIER = com.kasa.KasaApp.KasaAppUITests;
				PRODUCT_NAME = "$(TARGET_NAME)";
				SWIFT_VERSION = 5.0;
				TARGETED_DEVICE_FAMILY = "1,2";
				TEST_TARGET_NAME = KasaApp;
			};
			name = Release;
		};
		328950FF24821A3A00EC3A49 /* Debug */ = {
			isa = XCBuildConfiguration;
			buildSettings = {
				ALWAYS_SEARCH_USER_PATHS = NO;
				ASSETCATALOG_COMPILER_GENERATE_SWIFT_ASSET_SYMBOL_EXTENSIONS = YES;
				CLANG_ANALYZER_LOCALIZABILITY_NONLOCALIZED = YES;
				CLANG_ANALYZER_NONNULL = YES;
				CLANG_ANALYZER_NUMBER_OBJECT_CONVERSION = YES_AGGRESSIVE;
				CLANG_CXX_LANGUAGE_STANDARD = "gnu++14";
				CLANG_CXX_LIBRARY = "libc++";
				CLANG_ENABLE_MODULES = YES;
				CLANG_ENABLE_OBJC_ARC = YES;
				CLANG_ENABLE_OBJC_WEAK = YES;
				CLANG_WARN_BLOCK_CAPTURE_AUTORELEASING = YES;
				CLANG_WARN_BOOL_CONVERSION = YES;
				CLANG_WARN_COMMA = YES;
				CLANG_WARN_CONSTANT_CONVERSION = YES;
				CLANG_WARN_DEPRECATED_OBJC_IMPLEMENTATIONS = YES;
				CLANG_WARN_DIRECT_OBJC_ISA_USAGE = YES_ERROR;
				CLANG_WARN_DOCUMENTATION_COMMENTS = YES;
				CLANG_WARN_EMPTY_BODY = YES;
				CLANG_WARN_ENUM_CONVERSION = YES;
				CLANG_WARN_INFINITE_RECURSION = YES;
				CLANG_WARN_INT_CONVERSION = YES;
				CLANG_WARN_NON_LITERAL_NULL_CONVERSION = YES;
				CLANG_WARN_OBJC_IMPLICIT_RETAIN_SELF = YES;
				CLANG_WARN_OBJC_LITERAL_CONVERSION = YES;
				CLANG_WARN_OBJC_ROOT_CLASS = YES_ERROR;
				CLANG_WARN_QUOTED_INCLUDE_IN_FRAMEWORK_HEADER = YES;
				CLANG_WARN_RANGE_LOOP_ANALYSIS = YES;
				CLANG_WARN_STRICT_PROTOTYPES = YES;
				CLANG_WARN_SUSPICIOUS_MOVE = YES;
				CLANG_WARN_UNGUARDED_AVAILABILITY = YES_AGGRESSIVE;
				CLANG_WARN_UNREACHABLE_CODE = YES;
				CLANG_WARN__DUPLICATE_METHOD_MATCH = YES;
				COPY_PHASE_STRIP = NO;
				DEBUG_INFORMATION_FORMAT = dwarf;
				ENABLE_STRICT_OBJC_MSGSEND = YES;
				ENABLE_TESTABILITY = YES;
				ENABLE_USER_SCRIPT_SANDBOXING = YES;
				GCC_C_LANGUAGE_STANDARD = gnu11;
				GCC_DYNAMIC_NO_PIC = NO;
				GCC_NO_COMMON_BLOCKS = YES;
				GCC_OPTIMIZATION_LEVEL = 0;
				GCC_PREPROCESSOR_DEFINITIONS = (
					"DEBUG=1",
					"$(inherited)",
				);
				GCC_WARN_64_TO_32_BIT_CONVERSION = YES;
				GCC_WARN_ABOUT_RETURN_TYPE = YES_ERROR;
				GCC_WARN_UNDECLARED_SELECTOR = YES;
				GCC_WARN_UNINITIALIZED_AUTOS = YES_AGGRESSIVE;
				GCC_WARN_UNUSED_FUNCTION = YES;
				GCC_WARN_UNUSED_VARIABLE = YES;
				IPHONEOS_DEPLOYMENT_TARGET = 17.0;
				LOCALIZATION_PREFERS_STRING_CATALOGS = YES;
				MTL_ENABLE_DEBUG_INFO = INCLUDE_SOURCE;
				MTL_FAST_MATH = YES;
				ONLY_ACTIVE_ARCH = YES;
				SDKROOT = iphoneos;
				SWIFT_ACTIVE_COMPILATION_CONDITIONS = DEBUG;
				SWIFT_OPTIMIZATION_LEVEL = "-Onone";
				SWIFT_STRICT_CONCURRENCY = complete;
				WATCHOS_DEPLOYMENT_TARGET = 10.0;
			};
			name = Debug;
		};
		3289510024821A3A00EC3A49 /* Release */ = {
			isa = XCBuildConfiguration;
			buildSettings = {
				ALWAYS_SEARCH_USER_PATHS = NO;
				ASSETCATALOG_COMPILER_GENERATE_SWIFT_ASSET_SYMBOL_EXTENSIONS = YES;
				CLANG_ANALYZER_LOCALIZABILITY_NONLOCALIZED = YES;
				CLANG_ANALYZER_NONNULL = YES;
				CLANG_ANALYZER_NUMBER_OBJECT_CONVERSION = YES_AGGRESSIVE;
				CLANG_CXX_LANGUAGE_STANDARD = "gnu++14";
				CLANG_CXX_LIBRARY = "libc++";
				CLANG_ENABLE_MODULES = YES;
				CLANG_ENABLE_OBJC_ARC = YES;
				CLANG_ENABLE_OBJC_WEAK = YES;
				CLANG_WARN_BLOCK_CAPTURE_AUTORELEASING = YES;
				CLANG_WARN_BOOL_CONVERSION = YES;
				CLANG_WARN_COMMA = YES;
				CLANG_WARN_CONSTANT_CONVERSION = YES;
				CLANG_WARN_DEPRECATED_OBJC_IMPLEMENTATIONS = YES;
				CLANG_WARN_DIRECT_OBJC_ISA_USAGE = YES_ERROR;
				CLANG_WARN_DOCUMENTATION_COMMENTS = YES;
				CLANG_WARN_EMPTY_BODY = YES;
				CLANG_WARN_ENUM_CONVERSION = YES;
				CLANG_WARN_INFINITE_RECURSION = YES;
				CLANG_WARN_INT_CONVERSION = YES;
				CLANG_WARN_NON_LITERAL_NULL_CONVERSION = YES;
				CLANG_WARN_OBJC_IMPLICIT_RETAIN_SELF = YES;
				CLANG_WARN_OBJC_LITERAL_CONVERSION = YES;
				CLANG_WARN_OBJC_ROOT_CLASS = YES_ERROR;
				CLANG_WARN_QUOTED_INCLUDE_IN_FRAMEWORK_HEADER = YES;
				CLANG_WARN_RANGE_LOOP_ANALYSIS = YES;
				CLANG_WARN_STRICT_PROTOTYPES = YES;
				CLANG_WARN_SUSPICIOUS_MOVE = YES;
				CLANG_WARN_UNGUARDED_AVAILABILITY = YES_AGGRESSIVE;
				CLANG_WARN_UNREACHABLE_CODE = YES;
				CLANG_WARN__DUPLICATE_METHOD_MATCH = YES;
				COPY_PHASE_STRIP = NO;
				DEBUG_INFORMATION_FORMAT = "dwarf-with-dsym";
				ENABLE_NS_ASSERTIONS = NO;
				ENABLE_STRICT_OBJC_MSGSEND = YES;
				ENABLE_USER_SCRIPT_SANDBOXING = YES;
				GCC_C_LANGUAGE_STANDARD = gnu11;
				GCC_NO_COMMON_BLOCKS = YES;
				GCC_WARN_64_TO_32_BIT_CONVERSION = YES;
				GCC_WARN_ABOUT_RETURN_TYPE = YES_ERROR;
				GCC_WARN_UNDECLARED_SELECTOR = YES;
				GCC_WARN_UNINITIALIZED_AUTOS = YES_AGGRESSIVE;
				GCC_WARN_UNUSED_FUNCTION = YES;
				GCC_WARN_UNUSED_VARIABLE = YES;
				IPHONEOS_DEPLOYMENT_TARGET = 17.0;
				LOCALIZATION_PREFERS_STRING_CATALOGS = YES;
				MTL_ENABLE_DEBUG_INFO = NO;
				MTL_FAST_MATH = YES;
				SDKROOT = iphoneos;
				SWIFT_COMPILATION_MODE = wholemodule;
				SWIFT_OPTIMIZATION_LEVEL = "-O";
				SWIFT_STRICT_CONCURRENCY = complete;
				VALIDATE_PRODUCT = YES;
				WATCHOS_DEPLOYMENT_TARGET = 10.0;
			};
			name = Release;
		};
		3289510624821A3A00EC3A49 /* Debug */ = {
			isa = XCBuildConfiguration;
			buildSettings = {
				ALWAYS_EMBED_SWIFT_STANDARD_LIBRARIES = YES;
				ASSETCATALOG_COMPILER_APPICON_NAME = AppIcon;
				ASSETCATALOG_COMPILER_COMPLICATION_NAME = Complication;
				CODE_SIGN_ENTITLEMENTS = "Kasa WatchKit App/Kasa.entitlements";
				CODE_SIGN_STYLE = Automatic;
				DEVELOPMENT_TEAM = K7R4MCZ9EX;
				INFOPLIST_FILE = "Kasa WatchKit App/Info.plist";
				LD_RUNPATH_SEARCH_PATHS = (
					"@executable_path/Frameworks",
					"@executable_path/../../Frameworks",
				);
				PRODUCT_BUNDLE_IDENTIFIER = com.kasa.KasaWatchApp.watchkitapp;
				PRODUCT_NAME = Kasa;
				SDKROOT = watchos;
				SKIP_INSTALL = YES;
				SWIFT_VERSION = 5.0;
				TARGETED_DEVICE_FAMILY = 4;
				WATCHOS_DEPLOYMENT_TARGET = 10.0;
			};
			name = Debug;
		};
		3289510724821A3A00EC3A49 /* Release */ = {
			isa = XCBuildConfiguration;
			buildSettings = {
				ALWAYS_EMBED_SWIFT_STANDARD_LIBRARIES = YES;
				ASSETCATALOG_COMPILER_APPICON_NAME = AppIcon;
				ASSETCATALOG_COMPILER_COMPLICATION_NAME = Complication;
				CODE_SIGN_ENTITLEMENTS = "Kasa WatchKit App/Kasa.entitlements";
				CODE_SIGN_STYLE = Automatic;
				DEVELOPMENT_TEAM = K7R4MCZ9EX;
				INFOPLIST_FILE = "Kasa WatchKit App/Info.plist";
				LD_RUNPATH_SEARCH_PATHS = (
					"@executable_path/Frameworks",
					"@executable_path/../../Frameworks",
				);
				PRODUCT_BUNDLE_IDENTIFIER = com.kasa.KasaWatchApp.watchkitapp;
				PRODUCT_NAME = Kasa;
				SDKROOT = watchos;
				SKIP_INSTALL = YES;
				SWIFT_VERSION = 5.0;
				TARGETED_DEVICE_FAMILY = 4;
				WATCHOS_DEPLOYMENT_TARGET = 10.0;
			};
			name = Release;
		};
		3289510A24821A3A00EC3A49 /* Debug */ = {
			isa = XCBuildConfiguration;
			buildSettings = {
				CODE_SIGN_IDENTITY = "Apple Development";
				CODE_SIGN_STYLE = Automatic;
				CURRENT_PROJECT_VERSION = 1;
				DEVELOPMENT_TEAM = K7R4MCZ9EX;
				INFOPLIST_FILE = "Kasa-Info.plist";
				IPHONEOS_DEPLOYMENT_TARGET = 17.0;
				MARKETING_VERSION = 1.0;
				PRODUCT_BUNDLE_IDENTIFIER = com.kasa.KasaWatchApp;
				PRODUCT_NAME = "$(TARGET_NAME)";
				PROVISIONING_PROFILE_SPECIFIER = "";
				SWIFT_VERSION = 5.0;
			};
			name = Debug;
		};
		3289510B24821A3A00EC3A49 /* Release */ = {
			isa = XCBuildConfiguration;
			buildSettings = {
				CODE_SIGN_IDENTITY = "Apple Development";
				CODE_SIGN_STYLE = Automatic;
				CURRENT_PROJECT_VERSION = 1;
				DEVELOPMENT_TEAM = K7R4MCZ9EX;
				INFOPLIST_FILE = "Kasa-Info.plist";
				IPHONEOS_DEPLOYMENT_TARGET = 17.0;
				MARKETING_VERSION = 1.0;
				PRODUCT_BUNDLE_IDENTIFIER = com.kasa.KasaWatchApp;
				PRODUCT_NAME = "$(TARGET_NAME)";
				PROVISIONING_PROFILE_SPECIFIER = "";
				SWIFT_VERSION = 5.0;
			};
			name = Release;
		};
		B358E4872A0313DA00B72F6D /* Debug */ = {
			isa = XCBuildConfiguration;
			buildSettings = {
				ASSETCATALOG_COMPILER_GLOBAL_ACCENT_COLOR_NAME = AccentColor;
				ASSETCATALOG_COMPILER_WIDGET_BACKGROUND_COLOR_NAME = WidgetBackground;
				CLANG_CXX_LANGUAGE_STANDARD = "gnu++20";
				CODE_SIGN_ENTITLEMENTS = KasaWatchWidgetExtensionExtension.entitlements;
				CODE_SIGN_STYLE = Automatic;
				CURRENT_PROJECT_VERSION = 1;
				DEVELOPMENT_TEAM = K7R4MCZ9EX;
				GENERATE_INFOPLIST_FILE = YES;
				INFOPLIST_FILE = KasaWatchWidgetExtension/Info.plist;
				INFOPLIST_KEY_CFBundleDisplayName = KasaWatchWidgetExtension;
				INFOPLIST_KEY_NSHumanReadableCopyright = "Copyright © 2023 Simon. All rights reserved.";
				LD_RUNPATH_SEARCH_PATHS = (
					"$(inherited)",
					"@executable_path/Frameworks",
					"@executable_path/../../Frameworks",
					"@executable_path/../../../../Frameworks",
				);
				MARKETING_VERSION = 1.0;
				PRODUCT_BUNDLE_IDENTIFIER = com.kasa.KasaWatchApp.watchkitapp.KasaWatchWidgetExtension;
				PRODUCT_NAME = "$(TARGET_NAME)";
				SDKROOT = watchos;
				SKIP_INSTALL = YES;
				SWIFT_EMIT_LOC_STRINGS = YES;
				SWIFT_VERSION = 5.0;
				TARGETED_DEVICE_FAMILY = 4;
				WATCHOS_DEPLOYMENT_TARGET = 10.0;
			};
			name = Debug;
		};
		B358E4882A0313DA00B72F6D /* Release */ = {
			isa = XCBuildConfiguration;
			buildSettings = {
				ASSETCATALOG_COMPILER_GLOBAL_ACCENT_COLOR_NAME = AccentColor;
				ASSETCATALOG_COMPILER_WIDGET_BACKGROUND_COLOR_NAME = WidgetBackground;
				CLANG_CXX_LANGUAGE_STANDARD = "gnu++20";
				CODE_SIGN_ENTITLEMENTS = KasaWatchWidgetExtensionExtension.entitlements;
				CODE_SIGN_STYLE = Automatic;
				CURRENT_PROJECT_VERSION = 1;
				DEVELOPMENT_TEAM = K7R4MCZ9EX;
				GENERATE_INFOPLIST_FILE = YES;
				INFOPLIST_FILE = KasaWatchWidgetExtension/Info.plist;
				INFOPLIST_KEY_CFBundleDisplayName = KasaWatchWidgetExtension;
				INFOPLIST_KEY_NSHumanReadableCopyright = "Copyright © 2023 Simon. All rights reserved.";
				LD_RUNPATH_SEARCH_PATHS = (
					"$(inherited)",
					"@executable_path/Frameworks",
					"@executable_path/../../Frameworks",
					"@executable_path/../../../../Frameworks",
				);
				MARKETING_VERSION = 1.0;
				PRODUCT_BUNDLE_IDENTIFIER = com.kasa.KasaWatchApp.watchkitapp.KasaWatchWidgetExtension;
				PRODUCT_NAME = "$(TARGET_NAME)";
				SDKROOT = watchos;
				SKIP_INSTALL = YES;
				SWIFT_EMIT_LOC_STRINGS = YES;
				SWIFT_VERSION = 5.0;
				TARGETED_DEVICE_FAMILY = 4;
				WATCHOS_DEPLOYMENT_TARGET = 10.0;
			};
			name = Release;
		};
		B35EF058292D2CBF005C08D2 /* Debug */ = {
			isa = XCBuildConfiguration;
			buildSettings = {
				CLANG_CXX_LANGUAGE_STANDARD = "gnu++20";
				CODE_SIGN_ENTITLEMENTS = KasaIntentsExtension/KasaIntentsExtension.entitlements;
				CODE_SIGN_STYLE = Automatic;
				CURRENT_PROJECT_VERSION = 1;
				DEVELOPMENT_TEAM = K7R4MCZ9EX;
				GENERATE_INFOPLIST_FILE = YES;
				INFOPLIST_FILE = KasaIntentsExtension/Info.plist;
				INFOPLIST_KEY_CFBundleDisplayName = KasaIntentsExtension;
				INFOPLIST_KEY_NSHumanReadableCopyright = "Copyright © 2022 Simon. All rights reserved.";
				IPHONEOS_DEPLOYMENT_TARGET = 17.0;
				LD_RUNPATH_SEARCH_PATHS = (
					"$(inherited)",
					"@executable_path/Frameworks",
					"@executable_path/../../Frameworks",
				);
				MARKETING_VERSION = 1.0;
				PRODUCT_BUNDLE_IDENTIFIER = com.kasa.KasaApp.KasaApp.KasaIntentsExtension;
				PRODUCT_NAME = "$(TARGET_NAME)";
				SKIP_INSTALL = YES;
				SWIFT_EMIT_LOC_STRINGS = YES;
				SWIFT_VERSION = 5.0;
				TARGETED_DEVICE_FAMILY = "1,2";
			};
			name = Debug;
		};
		B35EF059292D2CBF005C08D2 /* Release */ = {
			isa = XCBuildConfiguration;
			buildSettings = {
				CLANG_CXX_LANGUAGE_STANDARD = "gnu++20";
				CODE_SIGN_ENTITLEMENTS = KasaIntentsExtension/KasaIntentsExtension.entitlements;
				CODE_SIGN_STYLE = Automatic;
				CURRENT_PROJECT_VERSION = 1;
				DEVELOPMENT_TEAM = K7R4MCZ9EX;
				GENERATE_INFOPLIST_FILE = YES;
				INFOPLIST_FILE = KasaIntentsExtension/Info.plist;
				INFOPLIST_KEY_CFBundleDisplayName = KasaIntentsExtension;
				INFOPLIST_KEY_NSHumanReadableCopyright = "Copyright © 2022 Simon. All rights reserved.";
				IPHONEOS_DEPLOYMENT_TARGET = 17.0;
				LD_RUNPATH_SEARCH_PATHS = (
					"$(inherited)",
					"@executable_path/Frameworks",
					"@executable_path/../../Frameworks",
				);
				MARKETING_VERSION = 1.0;
				PRODUCT_BUNDLE_IDENTIFIER = com.kasa.KasaApp.KasaApp.KasaIntentsExtension;
				PRODUCT_NAME = "$(TARGET_NAME)";
				SKIP_INSTALL = YES;
				SWIFT_EMIT_LOC_STRINGS = YES;
				SWIFT_VERSION = 5.0;
				TARGETED_DEVICE_FAMILY = "1,2";
			};
			name = Release;
		};
/* End XCBuildConfiguration section */

/* Begin XCConfigurationList section */
		32213C8A25283032009F42FD /* Build configuration list for PBXNativeTarget "KasaAppWidgetExtension" */ = {
			isa = XCConfigurationList;
			buildConfigurations = (
				32213C8825283032009F42FD /* Debug */,
				32213C8925283032009F42FD /* Release */,
			);
			defaultConfigurationIsVisible = 0;
			defaultConfigurationName = Release;
		};
		32821D192526DB50005E9623 /* Build configuration list for PBXNativeTarget "KasaApp" */ = {
			isa = XCConfigurationList;
			buildConfigurations = (
				32821D132526DB50005E9623 /* Debug */,
				32821D142526DB50005E9623 /* Release */,
			);
			defaultConfigurationIsVisible = 0;
			defaultConfigurationName = Release;
		};
		32821D1A2526DB50005E9623 /* Build configuration list for PBXNativeTarget "KasaAppTests" */ = {
			isa = XCConfigurationList;
			buildConfigurations = (
				32821D152526DB50005E9623 /* Debug */,
				32821D162526DB50005E9623 /* Release */,
			);
			defaultConfigurationIsVisible = 0;
			defaultConfigurationName = Release;
		};
		32821D1B2526DB50005E9623 /* Build configuration list for PBXNativeTarget "KasaAppUITests" */ = {
			isa = XCConfigurationList;
			buildConfigurations = (
				32821D172526DB50005E9623 /* Debug */,
				32821D182526DB50005E9623 /* Release */,
			);
			defaultConfigurationIsVisible = 0;
			defaultConfigurationName = Release;
		};
		328950D824821A3800EC3A49 /* Build configuration list for PBXProject "Kasa" */ = {
			isa = XCConfigurationList;
			buildConfigurations = (
				328950FF24821A3A00EC3A49 /* Debug */,
				3289510024821A3A00EC3A49 /* Release */,
			);
			defaultConfigurationIsVisible = 0;
			defaultConfigurationName = Release;
		};
		3289510524821A3A00EC3A49 /* Build configuration list for PBXNativeTarget "Kasa WatchKit App" */ = {
			isa = XCConfigurationList;
			buildConfigurations = (
				3289510624821A3A00EC3A49 /* Debug */,
				3289510724821A3A00EC3A49 /* Release */,
			);
			defaultConfigurationIsVisible = 0;
			defaultConfigurationName = Release;
		};
		3289510924821A3A00EC3A49 /* Build configuration list for PBXNativeTarget "Kasa" */ = {
			isa = XCConfigurationList;
			buildConfigurations = (
				3289510A24821A3A00EC3A49 /* Debug */,
				3289510B24821A3A00EC3A49 /* Release */,
			);
			defaultConfigurationIsVisible = 0;
			defaultConfigurationName = Release;
		};
		B358E4892A0313DA00B72F6D /* Build configuration list for PBXNativeTarget "KasaWatchWidgetExtensionExtension" */ = {
			isa = XCConfigurationList;
			buildConfigurations = (
				B358E4872A0313DA00B72F6D /* Debug */,
				B358E4882A0313DA00B72F6D /* Release */,
			);
			defaultConfigurationIsVisible = 0;
			defaultConfigurationName = Release;
		};
		B35EF057292D2CBF005C08D2 /* Build configuration list for PBXNativeTarget "KasaIntentsExtension" */ = {
			isa = XCConfigurationList;
			buildConfigurations = (
				B35EF058292D2CBF005C08D2 /* Debug */,
				B35EF059292D2CBF005C08D2 /* Release */,
			);
			defaultConfigurationIsVisible = 0;
			defaultConfigurationName = Release;
		};
/* End XCConfigurationList section */

/* Begin XCSwiftPackageProductDependency section */
		32821D212526DB97005E9623 /* AppPackage */ = {
			isa = XCSwiftPackageProductDependency;
			productName = AppPackage;
		};
		B34EB0C328D1984B00FA99BD /* AppPackage */ = {
			isa = XCSwiftPackageProductDependency;
			productName = AppPackage;
		};
		B358E48A2A0318DB00B72F6D /* WidgetPackage */ = {
			isa = XCSwiftPackageProductDependency;
			productName = WidgetPackage;
		};
		B35EF05B292D2E35005C08D2 /* WidgetPackage */ = {
			isa = XCSwiftPackageProductDependency;
			productName = WidgetPackage;
		};
		B39BE5D828B7E76E001A4C18 /* WidgetPackage */ = {
			isa = XCSwiftPackageProductDependency;
			productName = WidgetPackage;
		};
/* End XCSwiftPackageProductDependency section */
	};
	rootObject = 328950D524821A3800EC3A49 /* Project object */;
}
