// !$*UTF8*$!
{
	archiveVersion = 1;
	classes = {
	};
	objectVersion = 52;
	objects = {

/* Begin PBXBuildFile section */
		32213C7B25283032009F42FD /* WidgetKit.framework in Frameworks */ = {isa = PBXBuildFile; fileRef = 32213C7A25283032009F42FD /* WidgetKit.framework */; };
		32213C7D25283032009F42FD /* SwiftUI.framework in Frameworks */ = {isa = PBXBuildFile; fileRef = 32213C7C25283032009F42FD /* SwiftUI.framework */; };
		32213C8025283032009F42FD /* KasaAppWidget.swift in Sources */ = {isa = PBXBuildFile; fileRef = 32213C7F25283032009F42FD /* KasaAppWidget.swift */; };
		32213C8225283032009F42FD /* Assets.xcassets in Resources */ = {isa = PBXBuildFile; fileRef = 32213C8125283032009F42FD /* Assets.xcassets */; };
		32213C8625283032009F42FD /* KasaAppWidgetExtension.appex in Embed App Extensions */ = {isa = PBXBuildFile; fileRef = 32213C7925283032009F42FD /* KasaAppWidgetExtension.appex */; settings = {ATTRIBUTES = (RemoveHeadersOnCopy, ); }; };
		3279E27B252838FA0067FE28 /* AppPackage in Frameworks */ = {isa = PBXBuildFile; productRef = 3279E27A252838FA0067FE28 /* AppPackage */; };
		32821CEF2526DB50005E9623 /* AppDelegate.swift in Sources */ = {isa = PBXBuildFile; fileRef = 32821CEE2526DB50005E9623 /* AppDelegate.swift */; };
		32821CF12526DB50005E9623 /* SceneDelegate.swift in Sources */ = {isa = PBXBuildFile; fileRef = 32821CF02526DB50005E9623 /* SceneDelegate.swift */; };
		32821CF32526DB50005E9623 /* ContentView.swift in Sources */ = {isa = PBXBuildFile; fileRef = 32821CF22526DB50005E9623 /* ContentView.swift */; };
		32821CF52526DB50005E9623 /* Assets.xcassets in Resources */ = {isa = PBXBuildFile; fileRef = 32821CF42526DB50005E9623 /* Assets.xcassets */; };
		32821CF82526DB50005E9623 /* Preview Assets.xcassets in Resources */ = {isa = PBXBuildFile; fileRef = 32821CF72526DB50005E9623 /* Preview Assets.xcassets */; };
		32821CFB2526DB50005E9623 /* LaunchScreen.storyboard in Resources */ = {isa = PBXBuildFile; fileRef = 32821CF92526DB50005E9623 /* LaunchScreen.storyboard */; };
		32821D062526DB50005E9623 /* KasaAppTests.swift in Sources */ = {isa = PBXBuildFile; fileRef = 32821D052526DB50005E9623 /* KasaAppTests.swift */; };
		32821D112526DB50005E9623 /* KasaAppUITests.swift in Sources */ = {isa = PBXBuildFile; fileRef = 32821D102526DB50005E9623 /* KasaAppUITests.swift */; };
		32821D222526DB97005E9623 /* AppPackage in Frameworks */ = {isa = PBXBuildFile; productRef = 32821D212526DB97005E9623 /* AppPackage */; };
		328950E024821A3800EC3A49 /* Kasa.app in Embed Watch Content */ = {isa = PBXBuildFile; fileRef = 328950DF24821A3800EC3A49 /* Kasa.app */; settings = {ATTRIBUTES = (RemoveHeadersOnCopy, ); }; };
		328950E624821A3800EC3A49 /* Interface.storyboard in Resources */ = {isa = PBXBuildFile; fileRef = 328950E424821A3800EC3A49 /* Interface.storyboard */; };
		328950E824821A3900EC3A49 /* Assets.xcassets in Resources */ = {isa = PBXBuildFile; fileRef = 328950E724821A3900EC3A49 /* Assets.xcassets */; };
		328950EF24821A3900EC3A49 /* Kasa WatchKit Extension.appex in Embed App Extensions */ = {isa = PBXBuildFile; fileRef = 328950EE24821A3900EC3A49 /* Kasa WatchKit Extension.appex */; settings = {ATTRIBUTES = (RemoveHeadersOnCopy, ); }; };
		328950F424821A3900EC3A49 /* ContentView.swift in Sources */ = {isa = PBXBuildFile; fileRef = 328950F324821A3900EC3A49 /* ContentView.swift */; };
		328950F624821A3900EC3A49 /* HostingController.swift in Sources */ = {isa = PBXBuildFile; fileRef = 328950F524821A3900EC3A49 /* HostingController.swift */; };
		328950F824821A3900EC3A49 /* ExtensionDelegate.swift in Sources */ = {isa = PBXBuildFile; fileRef = 328950F724821A3900EC3A49 /* ExtensionDelegate.swift */; };
		328950FA24821A3A00EC3A49 /* Assets.xcassets in Resources */ = {isa = PBXBuildFile; fileRef = 328950F924821A3A00EC3A49 /* Assets.xcassets */; };
		328950FD24821A3A00EC3A49 /* Preview Assets.xcassets in Resources */ = {isa = PBXBuildFile; fileRef = 328950FC24821A3A00EC3A49 /* Preview Assets.xcassets */; };
		32D3F93525156CC300A8446C /* AppPackage in Frameworks */ = {isa = PBXBuildFile; productRef = 32D3F93425156CC300A8446C /* AppPackage */; };
/* End PBXBuildFile section */

/* Begin PBXContainerItemProxy section */
		32213C8425283032009F42FD /* PBXContainerItemProxy */ = {
			isa = PBXContainerItemProxy;
			containerPortal = 328950D524821A3800EC3A49 /* Project object */;
			proxyType = 1;
			remoteGlobalIDString = 32213C7825283032009F42FD;
			remoteInfo = KasaAppWidgetExtension;
		};
		32821D022526DB50005E9623 /* PBXContainerItemProxy */ = {
			isa = PBXContainerItemProxy;
			containerPortal = 328950D524821A3800EC3A49 /* Project object */;
			proxyType = 1;
			remoteGlobalIDString = 32821CEB2526DB50005E9623;
			remoteInfo = KasaApp;
		};
		32821D0D2526DB50005E9623 /* PBXContainerItemProxy */ = {
			isa = PBXContainerItemProxy;
			containerPortal = 328950D524821A3800EC3A49 /* Project object */;
			proxyType = 1;
			remoteGlobalIDString = 32821CEB2526DB50005E9623;
			remoteInfo = KasaApp;
		};
		328950E124821A3800EC3A49 /* PBXContainerItemProxy */ = {
			isa = PBXContainerItemProxy;
			containerPortal = 328950D524821A3800EC3A49 /* Project object */;
			proxyType = 1;
			remoteGlobalIDString = 328950DE24821A3800EC3A49;
			remoteInfo = "Kasa WatchKit App";
		};
		328950F024821A3900EC3A49 /* PBXContainerItemProxy */ = {
			isa = PBXContainerItemProxy;
			containerPortal = 328950D524821A3800EC3A49 /* Project object */;
			proxyType = 1;
			remoteGlobalIDString = 328950ED24821A3900EC3A49;
			remoteInfo = "Kasa WatchKit Extension";
		};
/* End PBXContainerItemProxy section */

/* Begin PBXCopyFilesBuildPhase section */
		32213C8725283032009F42FD /* Embed App Extensions */ = {
			isa = PBXCopyFilesBuildPhase;
			buildActionMask = 2147483647;
			dstPath = "";
			dstSubfolderSpec = 13;
			files = (
				32213C8625283032009F42FD /* KasaAppWidgetExtension.appex in Embed App Extensions */,
			);
			name = "Embed App Extensions";
			runOnlyForDeploymentPostprocessing = 0;
		};
		3289510424821A3A00EC3A49 /* Embed App Extensions */ = {
			isa = PBXCopyFilesBuildPhase;
			buildActionMask = 2147483647;
			dstPath = "";
			dstSubfolderSpec = 13;
			files = (
				328950EF24821A3900EC3A49 /* Kasa WatchKit Extension.appex in Embed App Extensions */,
			);
			name = "Embed App Extensions";
			runOnlyForDeploymentPostprocessing = 0;
		};
		3289510824821A3A00EC3A49 /* Embed Watch Content */ = {
			isa = PBXCopyFilesBuildPhase;
			buildActionMask = 2147483647;
			dstPath = "$(CONTENTS_FOLDER_PATH)/Watch";
			dstSubfolderSpec = 16;
			files = (
				328950E024821A3800EC3A49 /* Kasa.app in Embed Watch Content */,
			);
			name = "Embed Watch Content";
			runOnlyForDeploymentPostprocessing = 0;
		};
		3289511D24821B8C00EC3A49 /* Embed Frameworks */ = {
			isa = PBXCopyFilesBuildPhase;
			buildActionMask = 2147483647;
			dstPath = "";
			dstSubfolderSpec = 10;
			files = (
			);
			name = "Embed Frameworks";
			runOnlyForDeploymentPostprocessing = 0;
		};
/* End PBXCopyFilesBuildPhase section */

/* Begin PBXFileReference section */
		320B1DD12528F0F300614090 /* Kasa WatchKit Extension.entitlements */ = {isa = PBXFileReference; lastKnownFileType = text.plist.entitlements; path = "Kasa WatchKit Extension.entitlements"; sourceTree = "<group>"; };
		320B1DD22528F10600614090 /* Kasa.entitlements */ = {isa = PBXFileReference; lastKnownFileType = text.plist.entitlements; path = Kasa.entitlements; sourceTree = "<group>"; };
		32213C7925283032009F42FD /* KasaAppWidgetExtension.appex */ = {isa = PBXFileReference; explicitFileType = "wrapper.app-extension"; includeInIndex = 0; path = KasaAppWidgetExtension.appex; sourceTree = BUILT_PRODUCTS_DIR; };
		32213C7A25283032009F42FD /* WidgetKit.framework */ = {isa = PBXFileReference; lastKnownFileType = wrapper.framework; name = WidgetKit.framework; path = System/Library/Frameworks/WidgetKit.framework; sourceTree = SDKROOT; };
		32213C7C25283032009F42FD /* SwiftUI.framework */ = {isa = PBXFileReference; lastKnownFileType = wrapper.framework; name = SwiftUI.framework; path = System/Library/Frameworks/SwiftUI.framework; sourceTree = SDKROOT; };
		32213C7F25283032009F42FD /* KasaAppWidget.swift */ = {isa = PBXFileReference; lastKnownFileType = sourcecode.swift; path = KasaAppWidget.swift; sourceTree = "<group>"; };
		32213C8125283032009F42FD /* Assets.xcassets */ = {isa = PBXFileReference; lastKnownFileType = folder.assetcatalog; path = Assets.xcassets; sourceTree = "<group>"; };
		32213C8325283032009F42FD /* Info.plist */ = {isa = PBXFileReference; lastKnownFileType = text.plist.xml; path = Info.plist; sourceTree = "<group>"; };
		32821CEC2526DB50005E9623 /* KasaApp.app */ = {isa = PBXFileReference; explicitFileType = wrapper.application; includeInIndex = 0; path = KasaApp.app; sourceTree = BUILT_PRODUCTS_DIR; };
		32821CEE2526DB50005E9623 /* AppDelegate.swift */ = {isa = PBXFileReference; lastKnownFileType = sourcecode.swift; path = AppDelegate.swift; sourceTree = "<group>"; };
		32821CF02526DB50005E9623 /* SceneDelegate.swift */ = {isa = PBXFileReference; lastKnownFileType = sourcecode.swift; path = SceneDelegate.swift; sourceTree = "<group>"; };
		32821CF22526DB50005E9623 /* ContentView.swift */ = {isa = PBXFileReference; lastKnownFileType = sourcecode.swift; path = ContentView.swift; sourceTree = "<group>"; };
		32821CF42526DB50005E9623 /* Assets.xcassets */ = {isa = PBXFileReference; lastKnownFileType = folder.assetcatalog; path = Assets.xcassets; sourceTree = "<group>"; };
		32821CF72526DB50005E9623 /* Preview Assets.xcassets */ = {isa = PBXFileReference; lastKnownFileType = folder.assetcatalog; path = "Preview Assets.xcassets"; sourceTree = "<group>"; };
		32821CFA2526DB50005E9623 /* Base */ = {isa = PBXFileReference; lastKnownFileType = file.storyboard; name = Base; path = Base.lproj/LaunchScreen.storyboard; sourceTree = "<group>"; };
		32821CFC2526DB50005E9623 /* Info.plist */ = {isa = PBXFileReference; lastKnownFileType = text.plist.xml; path = Info.plist; sourceTree = "<group>"; };
		32821D012526DB50005E9623 /* KasaAppTests.xctest */ = {isa = PBXFileReference; explicitFileType = wrapper.cfbundle; includeInIndex = 0; path = KasaAppTests.xctest; sourceTree = BUILT_PRODUCTS_DIR; };
		32821D052526DB50005E9623 /* KasaAppTests.swift */ = {isa = PBXFileReference; lastKnownFileType = sourcecode.swift; path = KasaAppTests.swift; sourceTree = "<group>"; };
		32821D072526DB50005E9623 /* Info.plist */ = {isa = PBXFileReference; lastKnownFileType = text.plist.xml; path = Info.plist; sourceTree = "<group>"; };
		32821D0C2526DB50005E9623 /* KasaAppUITests.xctest */ = {isa = PBXFileReference; explicitFileType = wrapper.cfbundle; includeInIndex = 0; path = KasaAppUITests.xctest; sourceTree = BUILT_PRODUCTS_DIR; };
		32821D102526DB50005E9623 /* KasaAppUITests.swift */ = {isa = PBXFileReference; lastKnownFileType = sourcecode.swift; path = KasaAppUITests.swift; sourceTree = "<group>"; };
		32821D122526DB50005E9623 /* Info.plist */ = {isa = PBXFileReference; lastKnownFileType = text.plist.xml; path = Info.plist; sourceTree = "<group>"; };
		328950DB24821A3800EC3A49 /* Kasa.app */ = {isa = PBXFileReference; explicitFileType = wrapper.application; includeInIndex = 0; path = Kasa.app; sourceTree = BUILT_PRODUCTS_DIR; };
		328950DF24821A3800EC3A49 /* Kasa.app */ = {isa = PBXFileReference; explicitFileType = wrapper.application; includeInIndex = 0; path = Kasa.app; sourceTree = BUILT_PRODUCTS_DIR; };
		328950E524821A3800EC3A49 /* Base */ = {isa = PBXFileReference; lastKnownFileType = file.storyboard; name = Base; path = Base.lproj/Interface.storyboard; sourceTree = "<group>"; };
		328950E724821A3900EC3A49 /* Assets.xcassets */ = {isa = PBXFileReference; lastKnownFileType = folder.assetcatalog; path = Assets.xcassets; sourceTree = "<group>"; };
		328950E924821A3900EC3A49 /* Info.plist */ = {isa = PBXFileReference; lastKnownFileType = text.plist.xml; path = Info.plist; sourceTree = "<group>"; };
		328950EE24821A3900EC3A49 /* Kasa WatchKit Extension.appex */ = {isa = PBXFileReference; explicitFileType = "wrapper.app-extension"; includeInIndex = 0; path = "Kasa WatchKit Extension.appex"; sourceTree = BUILT_PRODUCTS_DIR; };
		328950F324821A3900EC3A49 /* ContentView.swift */ = {isa = PBXFileReference; lastKnownFileType = sourcecode.swift; path = ContentView.swift; sourceTree = "<group>"; };
		328950F524821A3900EC3A49 /* HostingController.swift */ = {isa = PBXFileReference; lastKnownFileType = sourcecode.swift; path = HostingController.swift; sourceTree = "<group>"; };
		328950F724821A3900EC3A49 /* ExtensionDelegate.swift */ = {isa = PBXFileReference; lastKnownFileType = sourcecode.swift; path = ExtensionDelegate.swift; sourceTree = "<group>"; };
		328950F924821A3A00EC3A49 /* Assets.xcassets */ = {isa = PBXFileReference; lastKnownFileType = folder.assetcatalog; path = Assets.xcassets; sourceTree = "<group>"; };
		328950FC24821A3A00EC3A49 /* Preview Assets.xcassets */ = {isa = PBXFileReference; lastKnownFileType = folder.assetcatalog; path = "Preview Assets.xcassets"; sourceTree = "<group>"; };
		328950FE24821A3A00EC3A49 /* Info.plist */ = {isa = PBXFileReference; lastKnownFileType = text.plist.xml; path = Info.plist; sourceTree = "<group>"; };
		32A8D00C2528EA9C003FD623 /* KasaApp.entitlements */ = {isa = PBXFileReference; lastKnownFileType = text.plist.entitlements; path = KasaApp.entitlements; sourceTree = "<group>"; };
		32A8D00D2528EACC003FD623 /* KasaAppWidgetExtension.entitlements */ = {isa = PBXFileReference; lastKnownFileType = text.plist.entitlements; path = KasaAppWidgetExtension.entitlements; sourceTree = "<group>"; };
		32CC942225CF14D8009E2176 /* WidgetFeature */ = {isa = PBXFileReference; lastKnownFileType = folder; path = WidgetFeature; sourceTree = "<group>"; };
		32D3F920251566C200A8446C /* UserFeature */ = {isa = PBXFileReference; lastKnownFileType = folder; path = UserFeature; sourceTree = "<group>"; };
		32D3F9232515679100A8446C /* KasaCore */ = {isa = PBXFileReference; lastKnownFileType = folder; path = KasaCore; sourceTree = "<group>"; };
		32D3F926251568BC00A8446C /* DeviceFeature */ = {isa = PBXFileReference; lastKnownFileType = folder; path = DeviceFeature; sourceTree = "<group>"; };
		32D3F93125156C1F00A8446C /* AppPackage */ = {isa = PBXFileReference; lastKnownFileType = folder; path = AppPackage; sourceTree = "<group>"; };
/* End PBXFileReference section */

/* Begin PBXFrameworksBuildPhase section */
		32213C7625283032009F42FD /* Frameworks */ = {
			isa = PBXFrameworksBuildPhase;
			buildActionMask = 2147483647;
			files = (
				32213C7D25283032009F42FD /* SwiftUI.framework in Frameworks */,
				3279E27B252838FA0067FE28 /* AppPackage in Frameworks */,
				32213C7B25283032009F42FD /* WidgetKit.framework in Frameworks */,
			);
			runOnlyForDeploymentPostprocessing = 0;
		};
		32821CE92526DB50005E9623 /* Frameworks */ = {
			isa = PBXFrameworksBuildPhase;
			buildActionMask = 2147483647;
			files = (
				32821D222526DB97005E9623 /* AppPackage in Frameworks */,
			);
			runOnlyForDeploymentPostprocessing = 0;
		};
		32821CFE2526DB50005E9623 /* Frameworks */ = {
			isa = PBXFrameworksBuildPhase;
			buildActionMask = 2147483647;
			files = (
			);
			runOnlyForDeploymentPostprocessing = 0;
		};
		32821D092526DB50005E9623 /* Frameworks */ = {
			isa = PBXFrameworksBuildPhase;
			buildActionMask = 2147483647;
			files = (
			);
			runOnlyForDeploymentPostprocessing = 0;
		};
		328950EB24821A3900EC3A49 /* Frameworks */ = {
			isa = PBXFrameworksBuildPhase;
			buildActionMask = 2147483647;
			files = (
				32D3F93525156CC300A8446C /* AppPackage in Frameworks */,
			);
			runOnlyForDeploymentPostprocessing = 0;
		};
/* End PBXFrameworksBuildPhase section */

/* Begin PBXGroup section */
		32213C7E25283032009F42FD /* KasaAppWidget */ = {
			isa = PBXGroup;
			children = (
				32213C7F25283032009F42FD /* KasaAppWidget.swift */,
				32213C8125283032009F42FD /* Assets.xcassets */,
				32213C8325283032009F42FD /* Info.plist */,
			);
			path = KasaAppWidget;
			sourceTree = "<group>";
		};
		32821CED2526DB50005E9623 /* KasaApp */ = {
			isa = PBXGroup;
			children = (
				32A8D00C2528EA9C003FD623 /* KasaApp.entitlements */,
				32821CEE2526DB50005E9623 /* AppDelegate.swift */,
				32821CF02526DB50005E9623 /* SceneDelegate.swift */,
				32821CF22526DB50005E9623 /* ContentView.swift */,
				32821CF42526DB50005E9623 /* Assets.xcassets */,
				32821CF92526DB50005E9623 /* LaunchScreen.storyboard */,
				32821CFC2526DB50005E9623 /* Info.plist */,
				32821CF62526DB50005E9623 /* Preview Content */,
			);
			path = KasaApp;
			sourceTree = "<group>";
		};
		32821CF62526DB50005E9623 /* Preview Content */ = {
			isa = PBXGroup;
			children = (
				32821CF72526DB50005E9623 /* Preview Assets.xcassets */,
			);
			path = "Preview Content";
			sourceTree = "<group>";
		};
		32821D042526DB50005E9623 /* KasaAppTests */ = {
			isa = PBXGroup;
			children = (
				32821D052526DB50005E9623 /* KasaAppTests.swift */,
				32821D072526DB50005E9623 /* Info.plist */,
			);
			path = KasaAppTests;
			sourceTree = "<group>";
		};
		32821D0F2526DB50005E9623 /* KasaAppUITests */ = {
			isa = PBXGroup;
			children = (
				32821D102526DB50005E9623 /* KasaAppUITests.swift */,
				32821D122526DB50005E9623 /* Info.plist */,
			);
			path = KasaAppUITests;
			sourceTree = "<group>";
		};
		328950D424821A3800EC3A49 = {
			isa = PBXGroup;
			children = (
				32A8D00D2528EACC003FD623 /* KasaAppWidgetExtension.entitlements */,
				32D3F93125156C1F00A8446C /* AppPackage */,
				32D3F9232515679100A8446C /* KasaCore */,
				32D3F926251568BC00A8446C /* DeviceFeature */,
				32D3F920251566C200A8446C /* UserFeature */,
				32CC942225CF14D8009E2176 /* WidgetFeature */,
				328950E324821A3800EC3A49 /* Kasa WatchKit App */,
				328950F224821A3900EC3A49 /* Kasa WatchKit Extension */,
				32821CED2526DB50005E9623 /* KasaApp */,
				32821D042526DB50005E9623 /* KasaAppTests */,
				32821D0F2526DB50005E9623 /* KasaAppUITests */,
				32213C7E25283032009F42FD /* KasaAppWidget */,
				328950DC24821A3800EC3A49 /* Products */,
				32EE973C248368AC00C2E7E5 /* Frameworks */,
			);
			sourceTree = "<group>";
		};
		328950DC24821A3800EC3A49 /* Products */ = {
			isa = PBXGroup;
			children = (
				328950DB24821A3800EC3A49 /* Kasa.app */,
				328950DF24821A3800EC3A49 /* Kasa.app */,
				328950EE24821A3900EC3A49 /* Kasa WatchKit Extension.appex */,
				32821CEC2526DB50005E9623 /* KasaApp.app */,
				32821D012526DB50005E9623 /* KasaAppTests.xctest */,
				32821D0C2526DB50005E9623 /* KasaAppUITests.xctest */,
				32213C7925283032009F42FD /* KasaAppWidgetExtension.appex */,
			);
			name = Products;
			sourceTree = "<group>";
		};
		328950E324821A3800EC3A49 /* Kasa WatchKit App */ = {
			isa = PBXGroup;
			children = (
				320B1DD22528F10600614090 /* Kasa.entitlements */,
				328950E424821A3800EC3A49 /* Interface.storyboard */,
				328950E724821A3900EC3A49 /* Assets.xcassets */,
				328950E924821A3900EC3A49 /* Info.plist */,
			);
			path = "Kasa WatchKit App";
			sourceTree = "<group>";
		};
		328950F224821A3900EC3A49 /* Kasa WatchKit Extension */ = {
			isa = PBXGroup;
			children = (
				320B1DD12528F0F300614090 /* Kasa WatchKit Extension.entitlements */,
				3289512C2482321800EC3A49 /* App */,
				328950F524821A3900EC3A49 /* HostingController.swift */,
				328950F724821A3900EC3A49 /* ExtensionDelegate.swift */,
				328950F924821A3A00EC3A49 /* Assets.xcassets */,
				328950FE24821A3A00EC3A49 /* Info.plist */,
				328950FB24821A3A00EC3A49 /* Preview Content */,
			);
			path = "Kasa WatchKit Extension";
			sourceTree = "<group>";
		};
		328950FB24821A3A00EC3A49 /* Preview Content */ = {
			isa = PBXGroup;
			children = (
				328950FC24821A3A00EC3A49 /* Preview Assets.xcassets */,
			);
			path = "Preview Content";
			sourceTree = "<group>";
		};
		3289512C2482321800EC3A49 /* App */ = {
			isa = PBXGroup;
			children = (
				328950F324821A3900EC3A49 /* ContentView.swift */,
			);
			path = App;
			sourceTree = "<group>";
		};
		32EE973C248368AC00C2E7E5 /* Frameworks */ = {
			isa = PBXGroup;
			children = (
				32213C7A25283032009F42FD /* WidgetKit.framework */,
				32213C7C25283032009F42FD /* SwiftUI.framework */,
			);
			name = Frameworks;
			sourceTree = "<group>";
		};
/* End PBXGroup section */

/* Begin PBXNativeTarget section */
		32213C7825283032009F42FD /* KasaAppWidgetExtension */ = {
			isa = PBXNativeTarget;
			buildConfigurationList = 32213C8A25283032009F42FD /* Build configuration list for PBXNativeTarget "KasaAppWidgetExtension" */;
			buildPhases = (
				32213C7525283032009F42FD /* Sources */,
				32213C7625283032009F42FD /* Frameworks */,
				32213C7725283032009F42FD /* Resources */,
			);
			buildRules = (
			);
			dependencies = (
			);
			name = KasaAppWidgetExtension;
			packageProductDependencies = (
				3279E27A252838FA0067FE28 /* AppPackage */,
			);
			productName = KasaAppWidgetExtension;
			productReference = 32213C7925283032009F42FD /* KasaAppWidgetExtension.appex */;
			productType = "com.apple.product-type.app-extension";
		};
		32821CEB2526DB50005E9623 /* KasaApp */ = {
			isa = PBXNativeTarget;
			buildConfigurationList = 32821D192526DB50005E9623 /* Build configuration list for PBXNativeTarget "KasaApp" */;
			buildPhases = (
				32821CE82526DB50005E9623 /* Sources */,
				32821CE92526DB50005E9623 /* Frameworks */,
				32821CEA2526DB50005E9623 /* Resources */,
				32213C8725283032009F42FD /* Embed App Extensions */,
			);
			buildRules = (
			);
			dependencies = (
				32213C8525283032009F42FD /* PBXTargetDependency */,
			);
			name = KasaApp;
			packageProductDependencies = (
				32821D212526DB97005E9623 /* AppPackage */,
			);
			productName = KasaApp;
			productReference = 32821CEC2526DB50005E9623 /* KasaApp.app */;
			productType = "com.apple.product-type.application";
		};
		32821D002526DB50005E9623 /* KasaAppTests */ = {
			isa = PBXNativeTarget;
			buildConfigurationList = 32821D1A2526DB50005E9623 /* Build configuration list for PBXNativeTarget "KasaAppTests" */;
			buildPhases = (
				32821CFD2526DB50005E9623 /* Sources */,
				32821CFE2526DB50005E9623 /* Frameworks */,
				32821CFF2526DB50005E9623 /* Resources */,
			);
			buildRules = (
			);
			dependencies = (
				32821D032526DB50005E9623 /* PBXTargetDependency */,
			);
			name = KasaAppTests;
			productName = KasaAppTests;
			productReference = 32821D012526DB50005E9623 /* KasaAppTests.xctest */;
			productType = "com.apple.product-type.bundle.unit-test";
		};
		32821D0B2526DB50005E9623 /* KasaAppUITests */ = {
			isa = PBXNativeTarget;
			buildConfigurationList = 32821D1B2526DB50005E9623 /* Build configuration list for PBXNativeTarget "KasaAppUITests" */;
			buildPhases = (
				32821D082526DB50005E9623 /* Sources */,
				32821D092526DB50005E9623 /* Frameworks */,
				32821D0A2526DB50005E9623 /* Resources */,
			);
			buildRules = (
			);
			dependencies = (
				32821D0E2526DB50005E9623 /* PBXTargetDependency */,
			);
			name = KasaAppUITests;
			productName = KasaAppUITests;
			productReference = 32821D0C2526DB50005E9623 /* KasaAppUITests.xctest */;
			productType = "com.apple.product-type.bundle.ui-testing";
		};
		328950DA24821A3800EC3A49 /* Kasa */ = {
			isa = PBXNativeTarget;
			buildConfigurationList = 3289510924821A3A00EC3A49 /* Build configuration list for PBXNativeTarget "Kasa" */;
			buildPhases = (
				328950D924821A3800EC3A49 /* Resources */,
				3289510824821A3A00EC3A49 /* Embed Watch Content */,
			);
			buildRules = (
			);
			dependencies = (
				328950E224821A3800EC3A49 /* PBXTargetDependency */,
			);
			name = Kasa;
			productName = Kasa;
			productReference = 328950DB24821A3800EC3A49 /* Kasa.app */;
			productType = "com.apple.product-type.application.watchapp2-container";
		};
		328950DE24821A3800EC3A49 /* Kasa WatchKit App */ = {
			isa = PBXNativeTarget;
			buildConfigurationList = 3289510524821A3A00EC3A49 /* Build configuration list for PBXNativeTarget "Kasa WatchKit App" */;
			buildPhases = (
				328950DD24821A3800EC3A49 /* Resources */,
				3289510424821A3A00EC3A49 /* Embed App Extensions */,
			);
			buildRules = (
			);
			dependencies = (
				328950F124821A3900EC3A49 /* PBXTargetDependency */,
			);
			name = "Kasa WatchKit App";
			productName = "Kasa WatchKit App";
			productReference = 328950DF24821A3800EC3A49 /* Kasa.app */;
			productType = "com.apple.product-type.application.watchapp2";
		};
		328950ED24821A3900EC3A49 /* Kasa WatchKit Extension */ = {
			isa = PBXNativeTarget;
			buildConfigurationList = 3289510124821A3A00EC3A49 /* Build configuration list for PBXNativeTarget "Kasa WatchKit Extension" */;
			buildPhases = (
				328950EA24821A3900EC3A49 /* Sources */,
				328950EB24821A3900EC3A49 /* Frameworks */,
				328950EC24821A3900EC3A49 /* Resources */,
				3289511D24821B8C00EC3A49 /* Embed Frameworks */,
			);
			buildRules = (
			);
			dependencies = (
			);
			name = "Kasa WatchKit Extension";
			packageProductDependencies = (
				32D3F93425156CC300A8446C /* AppPackage */,
			);
			productName = "Kasa WatchKit Extension";
			productReference = 328950EE24821A3900EC3A49 /* Kasa WatchKit Extension.appex */;
			productType = "com.apple.product-type.watchkit2-extension";
		};
/* End PBXNativeTarget section */

/* Begin PBXProject section */
		328950D524821A3800EC3A49 /* Project object */ = {
			isa = PBXProject;
			attributes = {
				LastSwiftUpdateCheck = 1200;
				LastUpgradeCheck = 1200;
				ORGANIZATIONNAME = Simon;
				TargetAttributes = {
					32213C7825283032009F42FD = {
						CreatedOnToolsVersion = 12.0;
					};
					32821CEB2526DB50005E9623 = {
						CreatedOnToolsVersion = 12.0;
					};
					32821D002526DB50005E9623 = {
						CreatedOnToolsVersion = 12.0;
						TestTargetID = 32821CEB2526DB50005E9623;
					};
					32821D0B2526DB50005E9623 = {
						CreatedOnToolsVersion = 12.0;
						TestTargetID = 32821CEB2526DB50005E9623;
					};
					328950DA24821A3800EC3A49 = {
						CreatedOnToolsVersion = 11.4.1;
					};
					328950DE24821A3800EC3A49 = {
						CreatedOnToolsVersion = 11.4.1;
					};
					328950ED24821A3900EC3A49 = {
						CreatedOnToolsVersion = 11.4.1;
					};
				};
			};
			buildConfigurationList = 328950D824821A3800EC3A49 /* Build configuration list for PBXProject "Kasa" */;
			compatibilityVersion = "Xcode 9.3";
			developmentRegion = en;
			hasScannedForEncodings = 0;
			knownRegions = (
				en,
				Base,
				fr,
			);
			mainGroup = 328950D424821A3800EC3A49;
			packageReferences = (
			);
			productRefGroup = 328950DC24821A3800EC3A49 /* Products */;
			projectDirPath = "";
			projectRoot = "";
			targets = (
				328950DA24821A3800EC3A49 /* Kasa */,
				328950DE24821A3800EC3A49 /* Kasa WatchKit App */,
				328950ED24821A3900EC3A49 /* Kasa WatchKit Extension */,
				32821CEB2526DB50005E9623 /* KasaApp */,
				32821D002526DB50005E9623 /* KasaAppTests */,
				32821D0B2526DB50005E9623 /* KasaAppUITests */,
				32213C7825283032009F42FD /* KasaAppWidgetExtension */,
			);
		};
/* End PBXProject section */

/* Begin PBXResourcesBuildPhase section */
		32213C7725283032009F42FD /* Resources */ = {
			isa = PBXResourcesBuildPhase;
			buildActionMask = 2147483647;
			files = (
				32213C8225283032009F42FD /* Assets.xcassets in Resources */,
			);
			runOnlyForDeploymentPostprocessing = 0;
		};
		32821CEA2526DB50005E9623 /* Resources */ = {
			isa = PBXResourcesBuildPhase;
			buildActionMask = 2147483647;
			files = (
				32821CFB2526DB50005E9623 /* LaunchScreen.storyboard in Resources */,
				32821CF82526DB50005E9623 /* Preview Assets.xcassets in Resources */,
				32821CF52526DB50005E9623 /* Assets.xcassets in Resources */,
			);
			runOnlyForDeploymentPostprocessing = 0;
		};
		32821CFF2526DB50005E9623 /* Resources */ = {
			isa = PBXResourcesBuildPhase;
			buildActionMask = 2147483647;
			files = (
			);
			runOnlyForDeploymentPostprocessing = 0;
		};
		32821D0A2526DB50005E9623 /* Resources */ = {
			isa = PBXResourcesBuildPhase;
			buildActionMask = 2147483647;
			files = (
			);
			runOnlyForDeploymentPostprocessing = 0;
		};
		328950D924821A3800EC3A49 /* Resources */ = {
			isa = PBXResourcesBuildPhase;
			buildActionMask = 2147483647;
			files = (
			);
			runOnlyForDeploymentPostprocessing = 0;
		};
		328950DD24821A3800EC3A49 /* Resources */ = {
			isa = PBXResourcesBuildPhase;
			buildActionMask = 2147483647;
			files = (
				328950E824821A3900EC3A49 /* Assets.xcassets in Resources */,
				328950E624821A3800EC3A49 /* Interface.storyboard in Resources */,
			);
			runOnlyForDeploymentPostprocessing = 0;
		};
		328950EC24821A3900EC3A49 /* Resources */ = {
			isa = PBXResourcesBuildPhase;
			buildActionMask = 2147483647;
			files = (
				328950FD24821A3A00EC3A49 /* Preview Assets.xcassets in Resources */,
				328950FA24821A3A00EC3A49 /* Assets.xcassets in Resources */,
			);
			runOnlyForDeploymentPostprocessing = 0;
		};
/* End PBXResourcesBuildPhase section */

/* Begin PBXSourcesBuildPhase section */
		32213C7525283032009F42FD /* Sources */ = {
			isa = PBXSourcesBuildPhase;
			buildActionMask = 2147483647;
			files = (
				32213C8025283032009F42FD /* KasaAppWidget.swift in Sources */,
			);
			runOnlyForDeploymentPostprocessing = 0;
		};
		32821CE82526DB50005E9623 /* Sources */ = {
			isa = PBXSourcesBuildPhase;
			buildActionMask = 2147483647;
			files = (
				32821CEF2526DB50005E9623 /* AppDelegate.swift in Sources */,
				32821CF12526DB50005E9623 /* SceneDelegate.swift in Sources */,
				32821CF32526DB50005E9623 /* ContentView.swift in Sources */,
			);
			runOnlyForDeploymentPostprocessing = 0;
		};
		32821CFD2526DB50005E9623 /* Sources */ = {
			isa = PBXSourcesBuildPhase;
			buildActionMask = 2147483647;
			files = (
				32821D062526DB50005E9623 /* KasaAppTests.swift in Sources */,
			);
			runOnlyForDeploymentPostprocessing = 0;
		};
		32821D082526DB50005E9623 /* Sources */ = {
			isa = PBXSourcesBuildPhase;
			buildActionMask = 2147483647;
			files = (
				32821D112526DB50005E9623 /* KasaAppUITests.swift in Sources */,
			);
			runOnlyForDeploymentPostprocessing = 0;
		};
		328950EA24821A3900EC3A49 /* Sources */ = {
			isa = PBXSourcesBuildPhase;
			buildActionMask = 2147483647;
			files = (
				328950F624821A3900EC3A49 /* HostingController.swift in Sources */,
				328950F424821A3900EC3A49 /* ContentView.swift in Sources */,
				328950F824821A3900EC3A49 /* ExtensionDelegate.swift in Sources */,
			);
			runOnlyForDeploymentPostprocessing = 0;
		};
/* End PBXSourcesBuildPhase section */

/* Begin PBXTargetDependency section */
		32213C8525283032009F42FD /* PBXTargetDependency */ = {
			isa = PBXTargetDependency;
			target = 32213C7825283032009F42FD /* KasaAppWidgetExtension */;
			targetProxy = 32213C8425283032009F42FD /* PBXContainerItemProxy */;
		};
		32821D032526DB50005E9623 /* PBXTargetDependency */ = {
			isa = PBXTargetDependency;
			target = 32821CEB2526DB50005E9623 /* KasaApp */;
			targetProxy = 32821D022526DB50005E9623 /* PBXContainerItemProxy */;
		};
		32821D0E2526DB50005E9623 /* PBXTargetDependency */ = {
			isa = PBXTargetDependency;
			target = 32821CEB2526DB50005E9623 /* KasaApp */;
			targetProxy = 32821D0D2526DB50005E9623 /* PBXContainerItemProxy */;
		};
		328950E224821A3800EC3A49 /* PBXTargetDependency */ = {
			isa = PBXTargetDependency;
			target = 328950DE24821A3800EC3A49 /* Kasa WatchKit App */;
			targetProxy = 328950E124821A3800EC3A49 /* PBXContainerItemProxy */;
		};
		328950F124821A3900EC3A49 /* PBXTargetDependency */ = {
			isa = PBXTargetDependency;
			target = 328950ED24821A3900EC3A49 /* Kasa WatchKit Extension */;
			targetProxy = 328950F024821A3900EC3A49 /* PBXContainerItemProxy */;
		};
/* End PBXTargetDependency section */

/* Begin PBXVariantGroup section */
		32821CF92526DB50005E9623 /* LaunchScreen.storyboard */ = {
			isa = PBXVariantGroup;
			children = (
				32821CFA2526DB50005E9623 /* Base */,
			);
			name = LaunchScreen.storyboard;
			sourceTree = "<group>";
		};
		328950E424821A3800EC3A49 /* Interface.storyboard */ = {
			isa = PBXVariantGroup;
			children = (
				328950E524821A3800EC3A49 /* Base */,
			);
			name = Interface.storyboard;
			sourceTree = "<group>";
		};
/* End PBXVariantGroup section */

/* Begin XCBuildConfiguration section */
		32213C8825283032009F42FD /* Debug */ = {
			isa = XCBuildConfiguration;
			buildSettings = {
				ASSETCATALOG_COMPILER_GLOBAL_ACCENT_COLOR_NAME = AccentColor;
				ASSETCATALOG_COMPILER_WIDGET_BACKGROUND_COLOR_NAME = WidgetBackground;
				CODE_SIGN_ENTITLEMENTS = KasaAppWidgetExtension.entitlements;
				CODE_SIGN_STYLE = Automatic;
				DEVELOPMENT_TEAM = K7R4MCZ9EX;
				INFOPLIST_FILE = KasaAppWidget/Info.plist;
				IPHONEOS_DEPLOYMENT_TARGET = 15.0;
				LD_RUNPATH_SEARCH_PATHS = (
					"$(inherited)",
					"@executable_path/Frameworks",
					"@executable_path/../../Frameworks",
				);
				PRODUCT_BUNDLE_IDENTIFIER = com.kasa.KasaApp.KasaApp.KasaAppWidget;
				PRODUCT_NAME = "$(TARGET_NAME)";
				SKIP_INSTALL = YES;
				SWIFT_VERSION = 5.0;
				TARGETED_DEVICE_FAMILY = "1,2";
			};
			name = Debug;
		};
		32213C8925283032009F42FD /* Release */ = {
			isa = XCBuildConfiguration;
			buildSettings = {
				ASSETCATALOG_COMPILER_GLOBAL_ACCENT_COLOR_NAME = AccentColor;
				ASSETCATALOG_COMPILER_WIDGET_BACKGROUND_COLOR_NAME = WidgetBackground;
				CODE_SIGN_ENTITLEMENTS = KasaAppWidgetExtension.entitlements;
				CODE_SIGN_STYLE = Automatic;
				DEVELOPMENT_TEAM = K7R4MCZ9EX;
				INFOPLIST_FILE = KasaAppWidget/Info.plist;
				IPHONEOS_DEPLOYMENT_TARGET = 15.0;
				LD_RUNPATH_SEARCH_PATHS = (
					"$(inherited)",
					"@executable_path/Frameworks",
					"@executable_path/../../Frameworks",
				);
				PRODUCT_BUNDLE_IDENTIFIER = com.kasa.KasaApp.KasaApp.KasaAppWidget;
				PRODUCT_NAME = "$(TARGET_NAME)";
				SKIP_INSTALL = YES;
				SWIFT_VERSION = 5.0;
				TARGETED_DEVICE_FAMILY = "1,2";
			};
			name = Release;
		};
		32821D132526DB50005E9623 /* Debug */ = {
			isa = XCBuildConfiguration;
			buildSettings = {
				ALWAYS_EMBED_SWIFT_STANDARD_LIBRARIES = YES;
				ASSETCATALOG_COMPILER_APPICON_NAME = AppIcon;
				ASSETCATALOG_COMPILER_GLOBAL_ACCENT_COLOR_NAME = AccentColor;
				CODE_SIGN_ENTITLEMENTS = KasaApp/KasaApp.entitlements;
				CODE_SIGN_STYLE = Automatic;
				DEVELOPMENT_ASSET_PATHS = "\"KasaApp/Preview Content\"";
				DEVELOPMENT_TEAM = K7R4MCZ9EX;
				ENABLE_PREVIEWS = YES;
				INFOPLIST_FILE = KasaApp/Info.plist;
				IPHONEOS_DEPLOYMENT_TARGET = 15.0;
				LD_RUNPATH_SEARCH_PATHS = (
					"$(inherited)",
					"@executable_path/Frameworks",
				);
				PRODUCT_BUNDLE_IDENTIFIER = com.kasa.KasaApp.KasaApp;
				PRODUCT_NAME = "$(TARGET_NAME)";
				SWIFT_VERSION = 5.0;
				TARGETED_DEVICE_FAMILY = "1,2";
			};
			name = Debug;
		};
		32821D142526DB50005E9623 /* Release */ = {
			isa = XCBuildConfiguration;
			buildSettings = {
				ALWAYS_EMBED_SWIFT_STANDARD_LIBRARIES = YES;
				ASSETCATALOG_COMPILER_APPICON_NAME = AppIcon;
				ASSETCATALOG_COMPILER_GLOBAL_ACCENT_COLOR_NAME = AccentColor;
				CODE_SIGN_ENTITLEMENTS = KasaApp/KasaApp.entitlements;
				CODE_SIGN_STYLE = Automatic;
				DEVELOPMENT_ASSET_PATHS = "\"KasaApp/Preview Content\"";
				DEVELOPMENT_TEAM = K7R4MCZ9EX;
				ENABLE_PREVIEWS = YES;
				INFOPLIST_FILE = KasaApp/Info.plist;
				IPHONEOS_DEPLOYMENT_TARGET = 15.0;
				LD_RUNPATH_SEARCH_PATHS = (
					"$(inherited)",
					"@executable_path/Frameworks",
				);
				PRODUCT_BUNDLE_IDENTIFIER = com.kasa.KasaApp.KasaApp;
				PRODUCT_NAME = "$(TARGET_NAME)";
				SWIFT_VERSION = 5.0;
				TARGETED_DEVICE_FAMILY = "1,2";
			};
			name = Release;
		};
		32821D152526DB50005E9623 /* Debug */ = {
			isa = XCBuildConfiguration;
			buildSettings = {
				ALWAYS_EMBED_SWIFT_STANDARD_LIBRARIES = YES;
				BUNDLE_LOADER = "$(TEST_HOST)";
				CODE_SIGN_STYLE = Automatic;
				INFOPLIST_FILE = KasaAppTests/Info.plist;
				IPHONEOS_DEPLOYMENT_TARGET = 15.0;
				LD_RUNPATH_SEARCH_PATHS = (
					"$(inherited)",
					"@executable_path/Frameworks",
					"@loader_path/Frameworks",
				);
				PRODUCT_BUNDLE_IDENTIFIER = com.kasa.KasaApp.KasaAppTests;
				PRODUCT_NAME = "$(TARGET_NAME)";
				SWIFT_VERSION = 5.0;
				TARGETED_DEVICE_FAMILY = "1,2";
				TEST_HOST = "$(BUILT_PRODUCTS_DIR)/KasaApp.app/KasaApp";
			};
			name = Debug;
		};
		32821D162526DB50005E9623 /* Release */ = {
			isa = XCBuildConfiguration;
			buildSettings = {
				ALWAYS_EMBED_SWIFT_STANDARD_LIBRARIES = YES;
				BUNDLE_LOADER = "$(TEST_HOST)";
				CODE_SIGN_STYLE = Automatic;
				INFOPLIST_FILE = KasaAppTests/Info.plist;
				IPHONEOS_DEPLOYMENT_TARGET = 15.0;
				LD_RUNPATH_SEARCH_PATHS = (
					"$(inherited)",
					"@executable_path/Frameworks",
					"@loader_path/Frameworks",
				);
				PRODUCT_BUNDLE_IDENTIFIER = com.kasa.KasaApp.KasaAppTests;
				PRODUCT_NAME = "$(TARGET_NAME)";
				SWIFT_VERSION = 5.0;
				TARGETED_DEVICE_FAMILY = "1,2";
				TEST_HOST = "$(BUILT_PRODUCTS_DIR)/KasaApp.app/KasaApp";
			};
			name = Release;
		};
		32821D172526DB50005E9623 /* Debug */ = {
			isa = XCBuildConfiguration;
			buildSettings = {
				ALWAYS_EMBED_SWIFT_STANDARD_LIBRARIES = YES;
				CODE_SIGN_STYLE = Automatic;
				INFOPLIST_FILE = KasaAppUITests/Info.plist;
				IPHONEOS_DEPLOYMENT_TARGET = 15.0;
				LD_RUNPATH_SEARCH_PATHS = (
					"$(inherited)",
					"@executable_path/Frameworks",
					"@loader_path/Frameworks",
				);
				PRODUCT_BUNDLE_IDENTIFIER = com.kasa.KasaApp.KasaAppUITests;
				PRODUCT_NAME = "$(TARGET_NAME)";
				SWIFT_VERSION = 5.0;
				TARGETED_DEVICE_FAMILY = "1,2";
				TEST_TARGET_NAME = KasaApp;
			};
			name = Debug;
		};
		32821D182526DB50005E9623 /* Release */ = {
			isa = XCBuildConfiguration;
			buildSettings = {
				ALWAYS_EMBED_SWIFT_STANDARD_LIBRARIES = YES;
				CODE_SIGN_STYLE = Automatic;
				INFOPLIST_FILE = KasaAppUITests/Info.plist;
				IPHONEOS_DEPLOYMENT_TARGET = 15.0;
				LD_RUNPATH_SEARCH_PATHS = (
					"$(inherited)",
					"@executable_path/Frameworks",
					"@loader_path/Frameworks",
				);
				PRODUCT_BUNDLE_IDENTIFIER = com.kasa.KasaApp.KasaAppUITests;
				PRODUCT_NAME = "$(TARGET_NAME)";
				SWIFT_VERSION = 5.0;
				TARGETED_DEVICE_FAMILY = "1,2";
				TEST_TARGET_NAME = KasaApp;
			};
			name = Release;
		};
		328950FF24821A3A00EC3A49 /* Debug */ = {
			isa = XCBuildConfiguration;
			buildSettings = {
				ALWAYS_SEARCH_USER_PATHS = NO;
				CLANG_ANALYZER_LOCALIZABILITY_NONLOCALIZED = YES;
				CLANG_ANALYZER_NONNULL = YES;
				CLANG_ANALYZER_NUMBER_OBJECT_CONVERSION = YES_AGGRESSIVE;
				CLANG_CXX_LANGUAGE_STANDARD = "gnu++14";
				CLANG_CXX_LIBRARY = "libc++";
				CLANG_ENABLE_MODULES = YES;
				CLANG_ENABLE_OBJC_ARC = YES;
				CLANG_ENABLE_OBJC_WEAK = YES;
				CLANG_WARN_BLOCK_CAPTURE_AUTORELEASING = YES;
				CLANG_WARN_BOOL_CONVERSION = YES;
				CLANG_WARN_COMMA = YES;
				CLANG_WARN_CONSTANT_CONVERSION = YES;
				CLANG_WARN_DEPRECATED_OBJC_IMPLEMENTATIONS = YES;
				CLANG_WARN_DIRECT_OBJC_ISA_USAGE = YES_ERROR;
				CLANG_WARN_DOCUMENTATION_COMMENTS = YES;
				CLANG_WARN_EMPTY_BODY = YES;
				CLANG_WARN_ENUM_CONVERSION = YES;
				CLANG_WARN_INFINITE_RECURSION = YES;
				CLANG_WARN_INT_CONVERSION = YES;
				CLANG_WARN_NON_LITERAL_NULL_CONVERSION = YES;
				CLANG_WARN_OBJC_IMPLICIT_RETAIN_SELF = YES;
				CLANG_WARN_OBJC_LITERAL_CONVERSION = YES;
				CLANG_WARN_OBJC_ROOT_CLASS = YES_ERROR;
				CLANG_WARN_QUOTED_INCLUDE_IN_FRAMEWORK_HEADER = YES;
				CLANG_WARN_RANGE_LOOP_ANALYSIS = YES;
				CLANG_WARN_STRICT_PROTOTYPES = YES;
				CLANG_WARN_SUSPICIOUS_MOVE = YES;
				CLANG_WARN_UNGUARDED_AVAILABILITY = YES_AGGRESSIVE;
				CLANG_WARN_UNREACHABLE_CODE = YES;
				CLANG_WARN__DUPLICATE_METHOD_MATCH = YES;
				COPY_PHASE_STRIP = NO;
				DEBUG_INFORMATION_FORMAT = dwarf;
				ENABLE_STRICT_OBJC_MSGSEND = YES;
				ENABLE_TESTABILITY = YES;
				GCC_C_LANGUAGE_STANDARD = gnu11;
				GCC_DYNAMIC_NO_PIC = NO;
				GCC_NO_COMMON_BLOCKS = YES;
				GCC_OPTIMIZATION_LEVEL = 0;
				GCC_PREPROCESSOR_DEFINITIONS = (
					"DEBUG=1",
					"$(inherited)",
				);
				GCC_WARN_64_TO_32_BIT_CONVERSION = YES;
				GCC_WARN_ABOUT_RETURN_TYPE = YES_ERROR;
				GCC_WARN_UNDECLARED_SELECTOR = YES;
				GCC_WARN_UNINITIALIZED_AUTOS = YES_AGGRESSIVE;
				GCC_WARN_UNUSED_FUNCTION = YES;
				GCC_WARN_UNUSED_VARIABLE = YES;
				MTL_ENABLE_DEBUG_INFO = INCLUDE_SOURCE;
				MTL_FAST_MATH = YES;
				ONLY_ACTIVE_ARCH = YES;
				SDKROOT = iphoneos;
				SWIFT_ACTIVE_COMPILATION_CONDITIONS = DEBUG;
				SWIFT_OPTIMIZATION_LEVEL = "-Onone";
			};
			name = Debug;
		};
		3289510024821A3A00EC3A49 /* Release */ = {
			isa = XCBuildConfiguration;
			buildSettings = {
				ALWAYS_SEARCH_USER_PATHS = NO;
				CLANG_ANALYZER_LOCALIZABILITY_NONLOCALIZED = YES;
				CLANG_ANALYZER_NONNULL = YES;
				CLANG_ANALYZER_NUMBER_OBJECT_CONVERSION = YES_AGGRESSIVE;
				CLANG_CXX_LANGUAGE_STANDARD = "gnu++14";
				CLANG_CXX_LIBRARY = "libc++";
				CLANG_ENABLE_MODULES = YES;
				CLANG_ENABLE_OBJC_ARC = YES;
				CLANG_ENABLE_OBJC_WEAK = YES;
				CLANG_WARN_BLOCK_CAPTURE_AUTORELEASING = YES;
				CLANG_WARN_BOOL_CONVERSION = YES;
				CLANG_WARN_COMMA = YES;
				CLANG_WARN_CONSTANT_CONVERSION = YES;
				CLANG_WARN_DEPRECATED_OBJC_IMPLEMENTATIONS = YES;
				CLANG_WARN_DIRECT_OBJC_ISA_USAGE = YES_ERROR;
				CLANG_WARN_DOCUMENTATION_COMMENTS = YES;
				CLANG_WARN_EMPTY_BODY = YES;
				CLANG_WARN_ENUM_CONVERSION = YES;
				CLANG_WARN_INFINITE_RECURSION = YES;
				CLANG_WARN_INT_CONVERSION = YES;
				CLANG_WARN_NON_LITERAL_NULL_CONVERSION = YES;
				CLANG_WARN_OBJC_IMPLICIT_RETAIN_SELF = YES;
				CLANG_WARN_OBJC_LITERAL_CONVERSION = YES;
				CLANG_WARN_OBJC_ROOT_CLASS = YES_ERROR;
				CLANG_WARN_QUOTED_INCLUDE_IN_FRAMEWORK_HEADER = YES;
				CLANG_WARN_RANGE_LOOP_ANALYSIS = YES;
				CLANG_WARN_STRICT_PROTOTYPES = YES;
				CLANG_WARN_SUSPICIOUS_MOVE = YES;
				CLANG_WARN_UNGUARDED_AVAILABILITY = YES_AGGRESSIVE;
				CLANG_WARN_UNREACHABLE_CODE = YES;
				CLANG_WARN__DUPLICATE_METHOD_MATCH = YES;
				COPY_PHASE_STRIP = NO;
				DEBUG_INFORMATION_FORMAT = "dwarf-with-dsym";
				ENABLE_NS_ASSERTIONS = NO;
				ENABLE_STRICT_OBJC_MSGSEND = YES;
				GCC_C_LANGUAGE_STANDARD = gnu11;
				GCC_NO_COMMON_BLOCKS = YES;
				GCC_WARN_64_TO_32_BIT_CONVERSION = YES;
				GCC_WARN_ABOUT_RETURN_TYPE = YES_ERROR;
				GCC_WARN_UNDECLARED_SELECTOR = YES;
				GCC_WARN_UNINITIALIZED_AUTOS = YES_AGGRESSIVE;
				GCC_WARN_UNUSED_FUNCTION = YES;
				GCC_WARN_UNUSED_VARIABLE = YES;
				MTL_ENABLE_DEBUG_INFO = NO;
				MTL_FAST_MATH = YES;
				SDKROOT = iphoneos;
				SWIFT_COMPILATION_MODE = wholemodule;
				SWIFT_OPTIMIZATION_LEVEL = "-O";
				VALIDATE_PRODUCT = YES;
			};
			name = Release;
		};
		3289510224821A3A00EC3A49 /* Debug */ = {
			isa = XCBuildConfiguration;
			buildSettings = {
				ASSETCATALOG_COMPILER_COMPLICATION_NAME = Complication;
				CODE_SIGN_ENTITLEMENTS = "Kasa WatchKit Extension/Kasa WatchKit Extension.entitlements";
				CODE_SIGN_IDENTITY = "Apple Development";
				CODE_SIGN_STYLE = Automatic;
				DEVELOPMENT_ASSET_PATHS = "\"Kasa WatchKit Extension/Preview Content\"";
				DEVELOPMENT_TEAM = K7R4MCZ9EX;
				ENABLE_PREVIEWS = YES;
				INFOPLIST_FILE = "Kasa WatchKit Extension/Info.plist";
				LD_RUNPATH_SEARCH_PATHS = (
					"$(inherited)",
					"@executable_path/Frameworks",
					"@executable_path/../../Frameworks",
				);
				PRODUCT_BUNDLE_IDENTIFIER = com.kasa.KasaWatchApp.watchkitapp.watchkitextension;
				PRODUCT_NAME = "${TARGET_NAME}";
				PROVISIONING_PROFILE_SPECIFIER = "";
				SDKROOT = watchos;
				SKIP_INSTALL = YES;
				SWIFT_VERSION = 5.0;
				TARGETED_DEVICE_FAMILY = 4;
				WATCHOS_DEPLOYMENT_TARGET = 8.0;
			};
			name = Debug;
		};
		3289510324821A3A00EC3A49 /* Release */ = {
			isa = XCBuildConfiguration;
			buildSettings = {
				ASSETCATALOG_COMPILER_COMPLICATION_NAME = Complication;
				CODE_SIGN_ENTITLEMENTS = "Kasa WatchKit Extension/Kasa WatchKit Extension.entitlements";
				CODE_SIGN_IDENTITY = "Apple Development";
				CODE_SIGN_STYLE = Automatic;
				DEVELOPMENT_ASSET_PATHS = "\"Kasa WatchKit Extension/Preview Content\"";
				DEVELOPMENT_TEAM = K7R4MCZ9EX;
				ENABLE_PREVIEWS = YES;
				INFOPLIST_FILE = "Kasa WatchKit Extension/Info.plist";
				LD_RUNPATH_SEARCH_PATHS = (
					"$(inherited)",
					"@executable_path/Frameworks",
					"@executable_path/../../Frameworks",
				);
				PRODUCT_BUNDLE_IDENTIFIER = com.kasa.KasaWatchApp.watchkitapp.watchkitextension;
				PRODUCT_NAME = "${TARGET_NAME}";
				PROVISIONING_PROFILE_SPECIFIER = "";
				SDKROOT = watchos;
				SKIP_INSTALL = YES;
				SWIFT_VERSION = 5.0;
				TARGETED_DEVICE_FAMILY = 4;
				WATCHOS_DEPLOYMENT_TARGET = 8.0;
			};
			name = Release;
		};
		3289510624821A3A00EC3A49 /* Debug */ = {
			isa = XCBuildConfiguration;
			buildSettings = {
				ALWAYS_EMBED_SWIFT_STANDARD_LIBRARIES = YES;
				ASSETCATALOG_COMPILER_APPICON_NAME = AppIcon;
				CODE_SIGN_ENTITLEMENTS = "Kasa WatchKit App/Kasa.entitlements";
				CODE_SIGN_STYLE = Automatic;
				DEVELOPMENT_TEAM = K7R4MCZ9EX;
				IBSC_MODULE = Kasa_WatchKit_Extension;
				INFOPLIST_FILE = "Kasa WatchKit App/Info.plist";
				PRODUCT_BUNDLE_IDENTIFIER = com.kasa.KasaWatchApp.watchkitapp;
				PRODUCT_NAME = Kasa;
				SDKROOT = watchos;
				SKIP_INSTALL = YES;
				SWIFT_VERSION = 5.0;
				TARGETED_DEVICE_FAMILY = 4;
				WATCHOS_DEPLOYMENT_TARGET = 8.0;
			};
			name = Debug;
		};
		3289510724821A3A00EC3A49 /* Release */ = {
			isa = XCBuildConfiguration;
			buildSettings = {
				ALWAYS_EMBED_SWIFT_STANDARD_LIBRARIES = YES;
				ASSETCATALOG_COMPILER_APPICON_NAME = AppIcon;
				CODE_SIGN_ENTITLEMENTS = "Kasa WatchKit App/Kasa.entitlements";
				CODE_SIGN_STYLE = Automatic;
				DEVELOPMENT_TEAM = K7R4MCZ9EX;
				IBSC_MODULE = Kasa_WatchKit_Extension;
				INFOPLIST_FILE = "Kasa WatchKit App/Info.plist";
				PRODUCT_BUNDLE_IDENTIFIER = com.kasa.KasaWatchApp.watchkitapp;
				PRODUCT_NAME = Kasa;
				SDKROOT = watchos;
				SKIP_INSTALL = YES;
				SWIFT_VERSION = 5.0;
				TARGETED_DEVICE_FAMILY = 4;
				WATCHOS_DEPLOYMENT_TARGET = 8.0;
			};
			name = Release;
		};
		3289510A24821A3A00EC3A49 /* Debug */ = {
			isa = XCBuildConfiguration;
			buildSettings = {
				CODE_SIGN_IDENTITY = "Apple Development";
				CODE_SIGN_STYLE = Automatic;
				CURRENT_PROJECT_VERSION = 1;
				DEVELOPMENT_TEAM = K7R4MCZ9EX;
				MARKETING_VERSION = 1.0;
				PRODUCT_BUNDLE_IDENTIFIER = com.kasa.KasaWatchApp;
				PRODUCT_NAME = "$(TARGET_NAME)";
				PROVISIONING_PROFILE_SPECIFIER = "";
				SWIFT_VERSION = 5.0;
			};
			name = Debug;
		};
		3289510B24821A3A00EC3A49 /* Release */ = {
			isa = XCBuildConfiguration;
			buildSettings = {
				CODE_SIGN_IDENTITY = "Apple Development";
				CODE_SIGN_STYLE = Automatic;
				CURRENT_PROJECT_VERSION = 1;
				DEVELOPMENT_TEAM = K7R4MCZ9EX;
				MARKETING_VERSION = 1.0;
				PRODUCT_BUNDLE_IDENTIFIER = com.kasa.KasaWatchApp;
				PRODUCT_NAME = "$(TARGET_NAME)";
				PROVISIONING_PROFILE_SPECIFIER = "";
				SWIFT_VERSION = 5.0;
			};
			name = Release;
		};
/* End XCBuildConfiguration section */

/* Begin XCConfigurationList section */
		32213C8A25283032009F42FD /* Build configuration list for PBXNativeTarget "KasaAppWidgetExtension" */ = {
			isa = XCConfigurationList;
			buildConfigurations = (
				32213C8825283032009F42FD /* Debug */,
				32213C8925283032009F42FD /* Release */,
			);
			defaultConfigurationIsVisible = 0;
			defaultConfigurationName = Release;
		};
		32821D192526DB50005E9623 /* Build configuration list for PBXNativeTarget "KasaApp" */ = {
			isa = XCConfigurationList;
			buildConfigurations = (
				32821D132526DB50005E9623 /* Debug */,
				32821D142526DB50005E9623 /* Release */,
			);
			defaultConfigurationIsVisible = 0;
			defaultConfigurationName = Release;
		};
		32821D1A2526DB50005E9623 /* Build configuration list for PBXNativeTarget "KasaAppTests" */ = {
			isa = XCConfigurationList;
			buildConfigurations = (
				32821D152526DB50005E9623 /* Debug */,
				32821D162526DB50005E9623 /* Release */,
			);
			defaultConfigurationIsVisible = 0;
			defaultConfigurationName = Release;
		};
		32821D1B2526DB50005E9623 /* Build configuration list for PBXNativeTarget "KasaAppUITests" */ = {
			isa = XCConfigurationList;
			buildConfigurations = (
				32821D172526DB50005E9623 /* Debug */,
				32821D182526DB50005E9623 /* Release */,
			);
			defaultConfigurationIsVisible = 0;
			defaultConfigurationName = Release;
		};
		328950D824821A3800EC3A49 /* Build configuration list for PBXProject "Kasa" */ = {
			isa = XCConfigurationList;
			buildConfigurations = (
				328950FF24821A3A00EC3A49 /* Debug */,
				3289510024821A3A00EC3A49 /* Release */,
			);
			defaultConfigurationIsVisible = 0;
			defaultConfigurationName = Release;
		};
		3289510124821A3A00EC3A49 /* Build configuration list for PBXNativeTarget "Kasa WatchKit Extension" */ = {
			isa = XCConfigurationList;
			buildConfigurations = (
				3289510224821A3A00EC3A49 /* Debug */,
				3289510324821A3A00EC3A49 /* Release */,
			);
			defaultConfigurationIsVisible = 0;
			defaultConfigurationName = Release;
		};
		3289510524821A3A00EC3A49 /* Build configuration list for PBXNativeTarget "Kasa WatchKit App" */ = {
			isa = XCConfigurationList;
			buildConfigurations = (
				3289510624821A3A00EC3A49 /* Debug */,
				3289510724821A3A00EC3A49 /* Release */,
			);
			defaultConfigurationIsVisible = 0;
			defaultConfigurationName = Release;
		};
		3289510924821A3A00EC3A49 /* Build configuration list for PBXNativeTarget "Kasa" */ = {
			isa = XCConfigurationList;
			buildConfigurations = (
				3289510A24821A3A00EC3A49 /* Debug */,
				3289510B24821A3A00EC3A49 /* Release */,
			);
			defaultConfigurationIsVisible = 0;
			defaultConfigurationName = Release;
		};
/* End XCConfigurationList section */

/* Begin XCSwiftPackageProductDependency section */
		3279E27A252838FA0067FE28 /* AppPackage */ = {
			isa = XCSwiftPackageProductDependency;
			productName = AppPackage;
		};
		32821D212526DB97005E9623 /* AppPackage */ = {
			isa = XCSwiftPackageProductDependency;
			productName = AppPackage;
		};
		32D3F93425156CC300A8446C /* AppPackage */ = {
			isa = XCSwiftPackageProductDependency;
			productName = AppPackage;
		};
/* End XCSwiftPackageProductDependency section */
	};
	rootObject = 328950D524821A3800EC3A49 /* Project object */;
}
