{
  "object": {
    "pins": [
      {
        "package": "combine-schedulers",
        "repositoryURL": "https://github.com/pointfreeco/combine-schedulers",
        "state": {
          "branch": null,
          "revision": "ff42ec9061d864de7982162011321d3df5080c10",
          "version": "0.1.2"
        }
      },
      {
        "package": "swift-case-paths",
        "repositoryURL": "https://github.com/pointfreeco/swift-case-paths",
        "state": {
          "branch": null,
          "revision": "fb733d87aabb5b053ad782902f2f3d67e0a65ac5",
          "version": "0.1.1"
        }
      },
      {
        "package": "swift-composable-architecture",
        "repositoryURL": "https://github.com/pointfreeco/swift-composable-architecture.git",
        "state": {
          "branch": null,
          "revision": "7f482acbf4c108655ae269a6445831ce1890762e",
          "version": "0.7.0"
        }
      },
      {
        "package": "Tagged",
        "repositoryURL": "https://github.com/pointfreeco/swift-tagged.git",
        "state": {
          "branch": null,
          "revision": "592e1eb4255c571ebffc29955011e352217501b4",
          "version": "0.5.0"
        }
      }
    ]
  },
  "version": 1
}
